// !$*UTF8*$!
{
	archiveVersion = 1;
	classes = {
	};
	objectVersion = 56;
	objects = {
		476BF1E934C0598CBC42F7E9 = {isa = PBXFileReference; lastKnownFileType = sourcecode.swift; name = AuthService.swift; path = Yooh/Auth/AuthService.swift; sourceTree = "<group>"; };
		BFCDFF32F10352A4A9861487 = {isa = PBXFileReference; lastKnownFileType = sourcecode.swift; name = AppConfig.swift; path = Yooh/Config/AppConfig.swift; sourceTree = "<group>"; };
		2073185105C95CD48936B25F = {isa = PBXFileReference; lastKnownFileType = sourcecode.swift; name = YoohTheme.swift; path = Yooh/DesignSystem/YoohTheme.swift; sourceTree = "<group>"; };
		11F58D10444E57F4BF9FE1F0 = {isa = PBXFileReference; lastKnownFileType = sourcecode.swift; name = AnyCodable.swift; path = Yooh/Models/AnyCodable.swift; sourceTree = "<group>"; };
		61BF728356F95C6196E7F89E = {isa = PBXFileReference; lastKnownFileType = sourcecode.swift; name = Auth.swift; path = Yooh/Models/Auth.swift; sourceTree = "<group>"; };
		5284ACD405275A2EBBBB0ECB = {isa = PBXFileReference; lastKnownFileType = sourcecode.swift; name = Chat.swift; path = Yooh/Models/Chat.swift; sourceTree = "<group>"; };
		7CC8B671C0E657CCB3485B9D = {isa = PBXFileReference; lastKnownFileType = sourcecode.swift; name = Message.swift; path = Yooh/Models/Message.swift; sourceTree = "<group>"; };
		353B13BB16315A37BF925453 = {isa = PBXFileReference; lastKnownFileType = sourcecode.swift; name = Misc.swift; path = Yooh/Models/Misc.swift; sourceTree = "<group>"; };
		6AA6E24EF536521FA4739266 = {isa = PBXFileReference; lastKnownFileType = sourcecode.swift; name = Story.swift; path = Yooh/Models/Story.swift; sourceTree = "<group>"; };
		A4EDD445552F5F9D8DFA7CDA = {isa = PBXFileReference; lastKnownFileType = sourcecode.swift; name = User.swift; path = Yooh/Models/User.swift; sourceTree = "<group>"; };
		FAA5032375505558AFAEC402 = {isa = PBXFileReference; lastKnownFileType = sourcecode.swift; name = APIClient.swift; path = Yooh/Networking/APIClient.swift; sourceTree = "<group>"; };
		FBD85DE8BCFA5BD697C9B92D = {isa = PBXFileReference; lastKnownFileType = sourcecode.swift; name = APIEndpoint.swift; path = Yooh/Networking/APIEndpoint.swift; sourceTree = "<group>"; };
		78FCF55B76205521BE02160C = {isa = PBXFileReference; lastKnownFileType = sourcecode.swift; name = APIError.swift; path = Yooh/Networking/APIError.swift; sourceTree = "<group>"; };
		02281A8C274C55CE81AD4B02 = {isa = PBXFileReference; lastKnownFileType = sourcecode.swift; name = Multipart.swift; path = Yooh/Networking/Multipart.swift; sourceTree = "<group>"; };
		7BDA2D2C2E9C51C38A419FCF = {isa = PBXFileReference; lastKnownFileType = sourcecode.swift; name = EngineIOClient.swift; path = Yooh/Realtime/EngineIOClient.swift; sourceTree = "<group>"; };
		805808E259EA5C118E9DECD4 = {isa = PBXFileReference; lastKnownFileType = sourcecode.swift; name = SocketIOPackets.swift; path = Yooh/Realtime/SocketIOPackets.swift; sourceTree = "<group>"; };
		0F5C0A8A736D5AA3B6D528E8 = {isa = PBXFileReference; lastKnownFileType = sourcecode.swift; name = YoohSocket.swift; path = Yooh/Realtime/YoohSocket.swift; sourceTree = "<group>"; };
		CB6EE079464253A498663B20 = {isa = PBXFileReference; lastKnownFileType = sourcecode.swift; name = CallService.swift; path = Yooh/Services/CallService.swift; sourceTree = "<group>"; };
		50602A6D19D854CCAEC9B45C = {isa = PBXFileReference; lastKnownFileType = sourcecode.swift; name = ChatService.swift; path = Yooh/Services/ChatService.swift; sourceTree = "<group>"; };
		26A2AC3C06BF534DA598998A = {isa = PBXFileReference; lastKnownFileType = sourcecode.swift; name = MediaService.swift; path = Yooh/Services/MediaService.swift; sourceTree = "<group>"; };
		1C8313435E24500CB00BDF11 = {isa = PBXFileReference; lastKnownFileType = sourcecode.swift; name = MessageService.swift; path = Yooh/Services/MessageService.swift; sourceTree = "<group>"; };
		A662DEBAC09B5714A02A7FA2 = {isa = PBXFileReference; lastKnownFileType = sourcecode.swift; name = SettingsService.swift; path = Yooh/Services/SettingsService.swift; sourceTree = "<group>"; };
		C6CC2BAC1DB35DEAB1AEB611 = {isa = PBXFileReference; lastKnownFileType = sourcecode.swift; name = StoryService.swift; path = Yooh/Services/StoryService.swift; sourceTree = "<group>"; };
		84BC44B3BE935CB2BF4D08C9 = {isa = PBXFileReference; lastKnownFileType = sourcecode.swift; name = UserService.swift; path = Yooh/Services/UserService.swift; sourceTree = "<group>"; };
		61AD4A71EC1B535F965F74BF = {isa = PBXFileReference; lastKnownFileType = sourcecode.swift; name = KeychainStore.swift; path = Yooh/Storage/KeychainStore.swift; sourceTree = "<group>"; };
		7F549D52B37F52FCABA0770C = {isa = PBXFileReference; lastKnownFileType = sourcecode.swift; name = LocalPreferences.swift; path = Yooh/Storage/LocalPreferences.swift; sourceTree = "<group>"; };
		154D5919241E59A98811F67D = {isa = PBXFileReference; lastKnownFileType = sourcecode.swift; name = SessionStore.swift; path = Yooh/Storage/SessionStore.swift; sourceTree = "<group>"; };
		D52D6674D24A5B51AE0DB8A1 = {isa = PBXFileReference; lastKnownFileType = sourcecode.swift; name = Device.swift; path = Yooh/Utilities/Device.swift; sourceTree = "<group>"; };
		70FE8E5A53AD588383C5A497 = {isa = PBXFileReference; lastKnownFileType = sourcecode.swift; name = Formatters.swift; path = Yooh/Utilities/Formatters.swift; sourceTree = "<group>"; };
		1135144FF47A55168EFC3E28 = {isa = PBXFileReference; lastKnownFileType = sourcecode.swift; name = Haptics.swift; path = Yooh/Utilities/Haptics.swift; sourceTree = "<group>"; };
		6A7850BCEE7654F8ADADD164 = {isa = PBXFileReference; lastKnownFileType = sourcecode.swift; name = ImageCache.swift; path = Yooh/Utilities/ImageCache.swift; sourceTree = "<group>"; };
		B8182FB6ABC3502FADBE119A = {isa = PBXFileReference; lastKnownFileType = sourcecode.swift; name = LocationProvider.swift; path = Yooh/Utilities/LocationProvider.swift; sourceTree = "<group>"; };
		FC42E26A44B05054BBB895F9 = {isa = PBXFileReference; lastKnownFileType = sourcecode.swift; name = Validation.swift; path = Yooh/Utilities/Validation.swift; sourceTree = "<group>"; };
		420B19C424505ECBB954DD0F = {isa = PBXFileReference; lastKnownFileType = sourcecode.swift; name = VoiceNotes.swift; path = Yooh/Utilities/VoiceNotes.swift; sourceTree = "<group>"; };
		16BDA8D05D985ADC9BB7CB78 = {isa = PBXFileReference; lastKnownFileType = sourcecode.swift; name = AppState.swift; path = Yooh/ViewModels/AppState.swift; sourceTree = "<group>"; };
		D9E15CBA61DC5885A3FE1455 = {isa = PBXFileReference; lastKnownFileType = sourcecode.swift; name = AuthViewModel.swift; path = Yooh/ViewModels/AuthViewModel.swift; sourceTree = "<group>"; };
		3CB158DD3230530D931FD314 = {isa = PBXFileReference; lastKnownFileType = sourcecode.swift; name = CallsViewModel.swift; path = Yooh/ViewModels/CallsViewModel.swift; sourceTree = "<group>"; };
		D9090B568A9354698F60D85E = {isa = PBXFileReference; lastKnownFileType = sourcecode.swift; name = ChatViewModel.swift; path = Yooh/ViewModels/ChatViewModel.swift; sourceTree = "<group>"; };
		D1AF9C4948725B4EAC4AA3BA = {isa = PBXFileReference; lastKnownFileType = sourcecode.swift; name = ChatsViewModel.swift; path = Yooh/ViewModels/ChatsViewModel.swift; sourceTree = "<group>"; };
		F98EE234A51853928D8394CD = {isa = PBXFileReference; lastKnownFileType = sourcecode.swift; name = ContactsViewModel.swift; path = Yooh/ViewModels/ContactsViewModel.swift; sourceTree = "<group>"; };
		691289E2D1C05050BBC7C394 = {isa = PBXFileReference; lastKnownFileType = sourcecode.swift; name = ProfileViewModel.swift; path = Yooh/ViewModels/ProfileViewModel.swift; sourceTree = "<group>"; };
		45B996E1A73155B7957D148F = {isa = PBXFileReference; lastKnownFileType = sourcecode.swift; name = SettingsViewModel.swift; path = Yooh/ViewModels/SettingsViewModel.swift; sourceTree = "<group>"; };
		C88F6C9D654A554F814A9EE6 = {isa = PBXFileReference; lastKnownFileType = sourcecode.swift; name = StoriesViewModel.swift; path = Yooh/ViewModels/StoriesViewModel.swift; sourceTree = "<group>"; };
		E8996726B6B05C1493B62023 = {isa = PBXFileReference; lastKnownFileType = sourcecode.swift; name = AuthRootView.swift; path = Yooh/Views/Auth/AuthRootView.swift; sourceTree = "<group>"; };
		657FB911D1145A5BB6D550C6 = {isa = PBXFileReference; lastKnownFileType = sourcecode.swift; name = CallsView.swift; path = Yooh/Views/Calls/CallsView.swift; sourceTree = "<group>"; };
		96BB0DBD51B45EEB8262C4E1 = {isa = PBXFileReference; lastKnownFileType = sourcecode.swift; name = ChatDetailView.swift; path = Yooh/Views/Chat/ChatDetailView.swift; sourceTree = "<group>"; };
		F72249F453705012A5204843 = {isa = PBXFileReference; lastKnownFileType = sourcecode.swift; name = ChatInfoView.swift; path = Yooh/Views/Chat/ChatInfoView.swift; sourceTree = "<group>"; };
		DBEE31DF7F005A5C92AEEE1B = {isa = PBXFileReference; lastKnownFileType = sourcecode.swift; name = ComposerView.swift; path = Yooh/Views/Chat/ComposerView.swift; sourceTree = "<group>"; };
		096D8A051EA95853AFDC30B7 = {isa = PBXFileReference; lastKnownFileType = sourcecode.swift; name = MessageBubbleView.swift; path = Yooh/Views/Chat/MessageBubbleView.swift; sourceTree = "<group>"; };
		71C817C846E655A298633F74 = {isa = PBXFileReference; lastKnownFileType = sourcecode.swift; name = PollAndForward.swift; path = Yooh/Views/Chat/PollAndForward.swift; sourceTree = "<group>"; };
		9FF40AF90D8651689A28E311 = {isa = PBXFileReference; lastKnownFileType = sourcecode.swift; name = ChatRowView.swift; path = Yooh/Views/Chats/ChatRowView.swift; sourceTree = "<group>"; };
		709E81E39B0556A5B193BAB8 = {isa = PBXFileReference; lastKnownFileType = sourcecode.swift; name = ChatsListView.swift; path = Yooh/Views/Chats/ChatsListView.swift; sourceTree = "<group>"; };
		14F0884F1F955C63B6CAE0D0 = {isa = PBXFileReference; lastKnownFileType = sourcecode.swift; name = NewChatView.swift; path = Yooh/Views/Chats/NewChatView.swift; sourceTree = "<group>"; };
		BAF8BE6881F75A0C8E75828D = {isa = PBXFileReference; lastKnownFileType = sourcecode.swift; name = AvatarView.swift; path = Yooh/Views/Components/AvatarView.swift; sourceTree = "<group>"; };
		E8DBDB4ABF8952B3957E15BD = {isa = PBXFileReference; lastKnownFileType = sourcecode.swift; name = CachedFileImage.swift; path = Yooh/Views/Components/CachedFileImage.swift; sourceTree = "<group>"; };
		ADB1DC3165D659D9AD083AC0 = {isa = PBXFileReference; lastKnownFileType = sourcecode.swift; name = Controls.swift; path = Yooh/Views/Components/Controls.swift; sourceTree = "<group>"; };
		67AA4608C96F58B69C4DE0E5 = {isa = PBXFileReference; lastKnownFileType = sourcecode.swift; name = ContactsView.swift; path = Yooh/Views/Contacts/ContactsView.swift; sourceTree = "<group>"; };
		8F0C429E105751FC98B51F08 = {isa = PBXFileReference; lastKnownFileType = sourcecode.swift; name = MainTabView.swift; path = Yooh/Views/Main/MainTabView.swift; sourceTree = "<group>"; };
		77E1F305DB5B5B1B8644070A = {isa = PBXFileReference; lastKnownFileType = sourcecode.swift; name = ProfileView.swift; path = Yooh/Views/Profile/ProfileView.swift; sourceTree = "<group>"; };
		810225D1E48B5F93B95FF028 = {isa = PBXFileReference; lastKnownFileType = sourcecode.swift; name = SettingsView.swift; path = Yooh/Views/Settings/SettingsView.swift; sourceTree = "<group>"; };
		42DB6DE796D156618D9125C6 = {isa = PBXFileReference; lastKnownFileType = sourcecode.swift; name = StoriesView.swift; path = Yooh/Views/Stories/StoriesView.swift; sourceTree = "<group>"; };
		2F4491F3909A5346A93F6D38 = {isa = PBXFileReference; lastKnownFileType = sourcecode.swift; name = YoohApp.swift; path = Yooh/YoohApp.swift; sourceTree = "<group>"; };
		DB94FDE80DBF5C7589BE4899 = {isa = PBXFileReference; lastKnownFileType = sourcecode.swift; name = YoohTests.swift; path = YoohTests/YoohTests.swift; sourceTree = "<group>"; };
		5558428FFAFD5E69925C194E = {isa = PBXFileReference; lastKnownFileType = text.plist.xml; name = Info.plist; path = Yooh/Info.plist; sourceTree = "<group>"; };
		513B0A33131B5E5CBC0F368B = {isa = PBXFileReference; lastKnownFileType = folder.assetcatalog; name = Assets.xcassets; path = Yooh/Assets.xcassets; sourceTree = "<group>"; };
		9C447836C886527EA895617C = {isa = PBXFileReference; explicitFileType = wrapper.application; includeInIndex = 0; path = Yooh.app; sourceTree = BUILT_PRODUCTS_DIR; };
		12C9A1891A70559BBDC498B0 = {isa = PBXFileReference; explicitFileType = wrapper.cfbundle; includeInIndex = 0; path = YoohTests.xctest; sourceTree = BUILT_PRODUCTS_DIR; };
		41608B7E5E775CF8B4169DD2 = {isa = PBXBuildFile; fileRef = 476BF1E934C0598CBC42F7E9; };
		0447E50F5B5656DE93AA0962 = {isa = PBXBuildFile; fileRef = BFCDFF32F10352A4A9861487; };
		3B0CBD4E34D65D47BB2C6DD0 = {isa = PBXBuildFile; fileRef = 2073185105C95CD48936B25F; };
		2986E9CD5FF75BC29E61A310 = {isa = PBXBuildFile; fileRef = 11F58D10444E57F4BF9FE1F0; };
		ED9CEFD458DE5886A6B80D90 = {isa = PBXBuildFile; fileRef = 61BF728356F95C6196E7F89E; };
		6D383BECF27756D29A0C70BB = {isa = PBXBuildFile; fileRef = 5284ACD405275A2EBBBB0ECB; };
		AB9F4A4EFA0A5566BD71AD60 = {isa = PBXBuildFile; fileRef = 7CC8B671C0E657CCB3485B9D; };
		E641451A0CD25670A2DEE500 = {isa = PBXBuildFile; fileRef = 353B13BB16315A37BF925453; };
		ADBF28E96E2E5000AB2A6087 = {isa = PBXBuildFile; fileRef = 6AA6E24EF536521FA4739266; };
		03D7080C0E9B52AA83F19B94 = {isa = PBXBuildFile; fileRef = A4EDD445552F5F9D8DFA7CDA; };
		32BC3A04AD0A529EA21B81BA = {isa = PBXBuildFile; fileRef = FAA5032375505558AFAEC402; };
		04C842D1BE3F5F168EA352C4 = {isa = PBXBuildFile; fileRef = FBD85DE8BCFA5BD697C9B92D; };
		470306163F2B5F8EAD778E38 = {isa = PBXBuildFile; fileRef = 78FCF55B76205521BE02160C; };
		6DD5015C307D56D0ACD26DDB = {isa = PBXBuildFile; fileRef = 02281A8C274C55CE81AD4B02; };
		7684281445CB5E33A9BE629A = {isa = PBXBuildFile; fileRef = 7BDA2D2C2E9C51C38A419FCF; };
		A0F55971CD1F5F7394804866 = {isa = PBXBuildFile; fileRef = 805808E259EA5C118E9DECD4; };
		F32987CC688D568AA78EBBDE = {isa = PBXBuildFile; fileRef = 0F5C0A8A736D5AA3B6D528E8; };
		4AC1AD53E29A5D9DA99D8E50 = {isa = PBXBuildFile; fileRef = CB6EE079464253A498663B20; };
		4A7902D62EE15A318260AD6C = {isa = PBXBuildFile; fileRef = 50602A6D19D854CCAEC9B45C; };
		1450F6C395D7576FACE27740 = {isa = PBXBuildFile; fileRef = 26A2AC3C06BF534DA598998A; };
		659888F4DF875FA8B981525B = {isa = PBXBuildFile; fileRef = 1C8313435E24500CB00BDF11; };
		2A445D1458C85892AC486F7C = {isa = PBXBuildFile; fileRef = A662DEBAC09B5714A02A7FA2; };
		E7730CA9302458C4B4ACD28F = {isa = PBXBuildFile; fileRef = C6CC2BAC1DB35DEAB1AEB611; };
		A0BE06338CC15483AC3EBB96 = {isa = PBXBuildFile; fileRef = 84BC44B3BE935CB2BF4D08C9; };
		9874254AE0525CCA9770A862 = {isa = PBXBuildFile; fileRef = 61AD4A71EC1B535F965F74BF; };
		E8352CE9B7535FD0A2757062 = {isa = PBXBuildFile; fileRef = 7F549D52B37F52FCABA0770C; };
		51F9E9C0A0575DE9AEAEF123 = {isa = PBXBuildFile; fileRef = 154D5919241E59A98811F67D; };
		ECDD81950A045D83BBE4DF2D = {isa = PBXBuildFile; fileRef = D52D6674D24A5B51AE0DB8A1; };
		A86FE6E93AFB504291F76DCD = {isa = PBXBuildFile; fileRef = 70FE8E5A53AD588383C5A497; };
		F279461CA2C15628A1671212 = {isa = PBXBuildFile; fileRef = 1135144FF47A55168EFC3E28; };
		1DDEBCE9009753538A33D173 = {isa = PBXBuildFile; fileRef = 6A7850BCEE7654F8ADADD164; };
		EEE1E09966F95B3CB78BD695 = {isa = PBXBuildFile; fileRef = B8182FB6ABC3502FADBE119A; };
		B3B6D3072B3E54D6ADF4F769 = {isa = PBXBuildFile; fileRef = FC42E26A44B05054BBB895F9; };
		7C840FFD33C85F69AAB52686 = {isa = PBXBuildFile; fileRef = 420B19C424505ECBB954DD0F; };
		C8B32643D9E857CBA44792AD = {isa = PBXBuildFile; fileRef = 16BDA8D05D985ADC9BB7CB78; };
		7585CA1DD1F65BD8981A7BD5 = {isa = PBXBuildFile; fileRef = D9E15CBA61DC5885A3FE1455; };
		AC60D6EC817956A4BF7E8178 = {isa = PBXBuildFile; fileRef = 3CB158DD3230530D931FD314; };
		A679AF17EF465B75A107BD5B = {isa = PBXBuildFile; fileRef = D9090B568A9354698F60D85E; };
		40BF7FC4E052525095525929 = {isa = PBXBuildFile; fileRef = D1AF9C4948725B4EAC4AA3BA; };
		3E84D2903B6D5EE09D190CED = {isa = PBXBuildFile; fileRef = F98EE234A51853928D8394CD; };
		22A535F7F8995098BD87B1EC = {isa = PBXBuildFile; fileRef = 691289E2D1C05050BBC7C394; };
		A81EFC6150A05564892D92D6 = {isa = PBXBuildFile; fileRef = 45B996E1A73155B7957D148F; };
		EBE538BE75C45B8BB6716ACD = {isa = PBXBuildFile; fileRef = C88F6C9D654A554F814A9EE6; };
		C0216EBE2D005506B751A89A = {isa = PBXBuildFile; fileRef = E8996726B6B05C1493B62023; };
		31A66CF4E1715B1183305D99 = {isa = PBXBuildFile; fileRef = 657FB911D1145A5BB6D550C6; };
		07E9239E8C035DBAB648F6DD = {isa = PBXBuildFile; fileRef = 96BB0DBD51B45EEB8262C4E1; };
		70C7BAEA9D295C92AB7225B8 = {isa = PBXBuildFile; fileRef = F72249F453705012A5204843; };
		3FF86FA17F10560B936B2892 = {isa = PBXBuildFile; fileRef = DBEE31DF7F005A5C92AEEE1B; };
		8F03EBC7840654A89E2FC368 = {isa = PBXBuildFile; fileRef = 096D8A051EA95853AFDC30B7; };
		E6F24D7269E35C9DB19E8A31 = {isa = PBXBuildFile; fileRef = 71C817C846E655A298633F74; };
		B960C8CC9775539DA333A6F5 = {isa = PBXBuildFile; fileRef = 9FF40AF90D8651689A28E311; };
		82F1FA4AC8C154AFB10361D2 = {isa = PBXBuildFile; fileRef = 709E81E39B0556A5B193BAB8; };
		D1C94892DE1E5B7CBA30CD6D = {isa = PBXBuildFile; fileRef = 14F0884F1F955C63B6CAE0D0; };
		57C00D158EAF5227B74BD44B = {isa = PBXBuildFile; fileRef = BAF8BE6881F75A0C8E75828D; };
		A46BF68F483750669D5A7D9C = {isa = PBXBuildFile; fileRef = E8DBDB4ABF8952B3957E15BD; };
		EB1D9A58D3B05589B11B39B5 = {isa = PBXBuildFile; fileRef = ADB1DC3165D659D9AD083AC0; };
		9504FFBE53975FEFB1F1C6B8 = {isa = PBXBuildFile; fileRef = 67AA4608C96F58B69C4DE0E5; };
		A45EE8E7121C5ACB874964BB = {isa = PBXBuildFile; fileRef = 8F0C429E105751FC98B51F08; };
		61C0024FCB805E5DB84EB017 = {isa = PBXBuildFile; fileRef = 77E1F305DB5B5B1B8644070A; };
		AD0BB3A64751565582D3C282 = {isa = PBXBuildFile; fileRef = 810225D1E48B5F93B95FF028; };
		E6D5209021FB57AA841A9387 = {isa = PBXBuildFile; fileRef = 42DB6DE796D156618D9125C6; };
		D0F1DFD9BE92508696083DD9 = {isa = PBXBuildFile; fileRef = 2F4491F3909A5346A93F6D38; };
		2C8568D173E056EF8A73E566 = {isa = PBXBuildFile; fileRef = 513B0A33131B5E5CBC0F368B; };
		CFF6D369B8365B6C89DE6249 = {isa = PBXBuildFile; fileRef = DB94FDE80DBF5C7589BE4899; };
		3E725512063A5C6A9083C872 = {isa = PBXGroup; children = (D8A6F0DF56675F12A1387141, B51867D41E3E54838B5D28D6, 405DB022ECA455A5A8E901B0, 23E23A89E58F579D94BC6DB0, 2D0F4D40FB9E5002A4C4FFF9, 4E49B4F9EABF55DBA43BDBC3, AFA08475CC675F12A7BD44ED, D8E89CA44535595C831E0069, 65D1DCAD2ABB553D9E5BE048, 5AA61C8A8435560F9F88FC6C, 2F4491F3909A5346A93F6D38, 5558428FFAFD5E69925C194E, 513B0A33131B5E5CBC0F368B); name = Yooh; sourceTree = "<group>"; };
		D8A6F0DF56675F12A1387141 = {isa = PBXGroup; children = (476BF1E934C0598CBC42F7E9); name = Auth; sourceTree = "<group>"; };
		B51867D41E3E54838B5D28D6 = {isa = PBXGroup; children = (BFCDFF32F10352A4A9861487); name = Config; sourceTree = "<group>"; };
		405DB022ECA455A5A8E901B0 = {isa = PBXGroup; children = (2073185105C95CD48936B25F); name = DesignSystem; sourceTree = "<group>"; };
		23E23A89E58F579D94BC6DB0 = {isa = PBXGroup; children = (11F58D10444E57F4BF9FE1F0, 61BF728356F95C6196E7F89E, 5284ACD405275A2EBBBB0ECB, 7CC8B671C0E657CCB3485B9D, 353B13BB16315A37BF925453, 6AA6E24EF536521FA4739266, A4EDD445552F5F9D8DFA7CDA); name = Models; sourceTree = "<group>"; };
		2D0F4D40FB9E5002A4C4FFF9 = {isa = PBXGroup; children = (FAA5032375505558AFAEC402, FBD85DE8BCFA5BD697C9B92D, 78FCF55B76205521BE02160C, 02281A8C274C55CE81AD4B02); name = Networking; sourceTree = "<group>"; };
		4E49B4F9EABF55DBA43BDBC3 = {isa = PBXGroup; children = (7BDA2D2C2E9C51C38A419FCF, 805808E259EA5C118E9DECD4, 0F5C0A8A736D5AA3B6D528E8); name = Realtime; sourceTree = "<group>"; };
		AFA08475CC675F12A7BD44ED = {isa = PBXGroup; children = (CB6EE079464253A498663B20, 50602A6D19D854CCAEC9B45C, 26A2AC3C06BF534DA598998A, 1C8313435E24500CB00BDF11, A662DEBAC09B5714A02A7FA2, C6CC2BAC1DB35DEAB1AEB611, 84BC44B3BE935CB2BF4D08C9); name = Services; sourceTree = "<group>"; };
		D8E89CA44535595C831E0069 = {isa = PBXGroup; children = (61AD4A71EC1B535F965F74BF, 7F549D52B37F52FCABA0770C, 154D5919241E59A98811F67D); name = Storage; sourceTree = "<group>"; };
		65D1DCAD2ABB553D9E5BE048 = {isa = PBXGroup; children = (D52D6674D24A5B51AE0DB8A1, 70FE8E5A53AD588383C5A497, 1135144FF47A55168EFC3E28, 6A7850BCEE7654F8ADADD164, B8182FB6ABC3502FADBE119A, FC42E26A44B05054BBB895F9, 420B19C424505ECBB954DD0F); name = Utilities; sourceTree = "<group>"; };
		5AA61C8A8435560F9F88FC6C = {isa = PBXGroup; children = (16BDA8D05D985ADC9BB7CB78, D9E15CBA61DC5885A3FE1455, 3CB158DD3230530D931FD314, D9090B568A9354698F60D85E, D1AF9C4948725B4EAC4AA3BA, F98EE234A51853928D8394CD, 691289E2D1C05050BBC7C394, 45B996E1A73155B7957D148F, C88F6C9D654A554F814A9EE6); name = ViewModels; sourceTree = "<group>"; };
		2807A09133925D7D8FF16BF4 = {isa = PBXGroup; children = (E6DB5785DB3B5649BB73C41C, 805CCEFF990657CCAC837A80, 1FD1EBB9477A5042B60EE5F8, 4C99ED415E93522CAD6EBCFD, 997117449D025D068582EB3A, 6F756FE734C65633AA4729C3, 89B790188F455470BB8FAED1, 76F8F5FD0CE75735A99C9875, 42CD32D09D035F91892C6379, 9BE3265C35455952A64D4D89); name = Views; sourceTree = "<group>"; };
		E6DB5785DB3B5649BB73C41C = {isa = PBXGroup; children = (E8996726B6B05C1493B62023); name = Auth; sourceTree = "<group>"; };
		805CCEFF990657CCAC837A80 = {isa = PBXGroup; children = (657FB911D1145A5BB6D550C6); name = Calls; sourceTree = "<group>"; };
		1FD1EBB9477A5042B60EE5F8 = {isa = PBXGroup; children = (96BB0DBD51B45EEB8262C4E1, F72249F453705012A5204843, DBEE31DF7F005A5C92AEEE1B, 096D8A051EA95853AFDC30B7, 71C817C846E655A298633F74); name = Chat; sourceTree = "<group>"; };
		4C99ED415E93522CAD6EBCFD = {isa = PBXGroup; children = (9FF40AF90D8651689A28E311, 709E81E39B0556A5B193BAB8, 14F0884F1F955C63B6CAE0D0); name = Chats; sourceTree = "<group>"; };
		997117449D025D068582EB3A = {isa = PBXGroup; children = (BAF8BE6881F75A0C8E75828D, E8DBDB4ABF8952B3957E15BD, ADB1DC3165D659D9AD083AC0); name = Components; sourceTree = "<group>"; };
		6F756FE734C65633AA4729C3 = {isa = PBXGroup; children = (67AA4608C96F58B69C4DE0E5); name = Contacts; sourceTree = "<group>"; };
		89B790188F455470BB8FAED1 = {isa = PBXGroup; children = (8F0C429E105751FC98B51F08); name = Main; sourceTree = "<group>"; };
		76F8F5FD0CE75735A99C9875 = {isa = PBXGroup; children = (77E1F305DB5B5B1B8644070A); name = Profile; sourceTree = "<group>"; };
		42CD32D09D035F91892C6379 = {isa = PBXGroup; children = (810225D1E48B5F93B95FF028); name = Settings; sourceTree = "<group>"; };
		9BE3265C35455952A64D4D89 = {isa = PBXGroup; children = (42DB6DE796D156618D9125C6); name = Stories; sourceTree = "<group>"; };
		C7B32C6CC1945533882F9739 = {isa = PBXGroup; children = (DB94FDE80DBF5C7589BE4899); name = YoohTests; sourceTree = "<group>"; };
		4347D0C2C2F25583B43B12AD = {isa = PBXGroup; children = (3E725512063A5C6A9083C872, C7B32C6CC1945533882F9739, E5B73C98213958DA94575416); sourceTree = "<group>"; };
		E5B73C98213958DA94575416 = {isa = PBXGroup; children = (9C447836C886527EA895617C, 12C9A1891A70559BBDC498B0); name = Products; sourceTree = "<group>"; };
		A1132055C3895FB484B4318E = {isa = PBXFrameworksBuildPhase; buildActionMask = 2147483647; files = (); runOnlyForDeploymentPostprocessing = 0; };
		4C4A082BE7585E63ADDF928C = {isa = PBXSourcesBuildPhase; buildActionMask = 2147483647; files = (41608B7E5E775CF8B4169DD2, 0447E50F5B5656DE93AA0962, 3B0CBD4E34D65D47BB2C6DD0, 2986E9CD5FF75BC29E61A310, ED9CEFD458DE5886A6B80D90, 6D383BECF27756D29A0C70BB, AB9F4A4EFA0A5566BD71AD60, E641451A0CD25670A2DEE500, ADBF28E96E2E5000AB2A6087, 03D7080C0E9B52AA83F19B94, 32BC3A04AD0A529EA21B81BA, 04C842D1BE3F5F168EA352C4, 470306163F2B5F8EAD778E38, 6DD5015C307D56D0ACD26DDB, 7684281445CB5E33A9BE629A, A0F55971CD1F5F7394804866, F32987CC688D568AA78EBBDE, 4AC1AD53E29A5D9DA99D8E50, 4A7902D62EE15A318260AD6C, 1450F6C395D7576FACE27740, 659888F4DF875FA8B981525B, 2A445D1458C85892AC486F7C, E7730CA9302458C4B4ACD28F, A0BE06338CC15483AC3EBB96, 9874254AE0525CCA9770A862, E8352CE9B7535FD0A2757062, 51F9E9C0A0575DE9AEAEF123, ECDD81950A045D83BBE4DF2D, A86FE6E93AFB504291F76DCD, F279461CA2C15628A1671212, 1DDEBCE9009753538A33D173, EEE1E09966F95B3CB78BD695, B3B6D3072B3E54D6ADF4F769, 7C840FFD33C85F69AAB52686, C8B32643D9E857CBA44792AD, 7585CA1DD1F65BD8981A7BD5, AC60D6EC817956A4BF7E8178, A679AF17EF465B75A107BD5B, 40BF7FC4E052525095525929, 3E84D2903B6D5EE09D190CED, 22A535F7F8995098BD87B1EC, A81EFC6150A05564892D92D6, EBE538BE75C45B8BB6716ACD, C0216EBE2D005506B751A89A, 31A66CF4E1715B1183305D99, 07E9239E8C035DBAB648F6DD, 70C7BAEA9D295C92AB7225B8, 3FF86FA17F10560B936B2892, 8F03EBC7840654A89E2FC368, E6F24D7269E35C9DB19E8A31, B960C8CC9775539DA333A6F5, 82F1FA4AC8C154AFB10361D2, D1C94892DE1E5B7CBA30CD6D, 57C00D158EAF5227B74BD44B, A46BF68F483750669D5A7D9C, EB1D9A58D3B05589B11B39B5, 9504FFBE53975FEFB1F1C6B8, A45EE8E7121C5ACB874964BB, 61C0024FCB805E5DB84EB017, AD0BB3A64751565582D3C282, E6D5209021FB57AA841A9387, D0F1DFD9BE92508696083DD9); runOnlyForDeploymentPostprocessing = 0; };
		ADE1AFDC1AA45452B41443BB = {isa = PBXResourcesBuildPhase; buildActionMask = 2147483647; files = (2C8568D173E056EF8A73E566); runOnlyForDeploymentPostprocessing = 0; };
		9FF76068F911566581677EAE = {isa = PBXFrameworksBuildPhase; buildActionMask = 2147483647; files = (); runOnlyForDeploymentPostprocessing = 0; };
		FA058EEE7B145BD5AA3FD7CC = {isa = PBXSourcesBuildPhase; buildActionMask = 2147483647; files = (CFF6D369B8365B6C89DE6249); runOnlyForDeploymentPostprocessing = 0; };
		18EE54A6342F5C689F9C1DA2 = {isa = PBXContainerItemProxy; containerPortal = F379DA87B62258CEBDB679E1; proxyType = 1; remoteGlobalIDString = 96C1B0E276CC541C9FB0DEFE; remoteInfo = Yooh; };
		E8EFD9A4098C595A961677E3 = {isa = PBXTargetDependency; targetProxy = 18EE54A6342F5C689F9C1DA2; };
		96C1B0E276CC541C9FB0DEFE = {isa = PBXNativeTarget; buildConfigurationList = BC6A06DCBA9C5664B1C3A7EF; buildPhases = (4C4A082BE7585E63ADDF928C, A1132055C3895FB484B4318E, ADE1AFDC1AA45452B41443BB); buildRules = (); dependencies = (); name = Yooh; productName = Yooh; productReference = 9C447836C886527EA895617C; productType = "com.apple.product-type.application"; };
		0724C24CE5E35EE29157A637 = {isa = PBXNativeTarget; buildConfigurationList = FE9FE578D68E53F7889E7786; buildPhases = (FA058EEE7B145BD5AA3FD7CC, 9FF76068F911566581677EAE); buildRules = (); dependencies = (E8EFD9A4098C595A961677E3); name = YoohTests; productName = YoohTests; productReference = 12C9A1891A70559BBDC498B0; productType = "com.apple.product-type.bundle.unit-test"; };
		9BB6AF035D615123807E3E19 = {isa = XCBuildConfiguration; buildSettings = {
			ALWAYS_SEARCH_USER_PATHS = NO;
			MARKETING_VERSION = 1.0;
		};
		name = Debug;
		};
		75922199107C53FBABF59910 = {isa = XCBuildConfiguration; buildSettings = {
			ALWAYS_SEARCH_USER_PATHS = NO;
			MARKETING_VERSION = 1.0;
		};
		name = Release;
		};
		8436BFD667CC5AE0BEABA1DC = {isa = XCBuildConfiguration; buildSettings = {
			ASSETCATALOG_COMPILER_APPICON_NAME = AppIcon;
			ASSETCATALOG_COMPILER_GLOBAL_ACCENT_COLOR_NAME = AccentColor;
			CODE_SIGN_STYLE = Automatic;
			CURRENT_PROJECT_VERSION = 1;
			GENERATE_INFOPLIST_FILE = NO;
			INFOPLIST_FILE = Yooh/Info.plist;
			INFOPLIST_KEY_UIApplicationSupportsIndirectInputEvents = YES;
			IPHONEOS_DEPLOYMENT_TARGET = 17.0;
			LD_RUNPATH_SEARCH_PATHS = "$(inherited) @executable_path/Frameworks";
			MARKETING_VERSION = 1.0;
			PRODUCT_BUNDLE_IDENTIFIER = com.yooh.app;
			PRODUCT_NAME = "$(TARGET_NAME)";
			SWIFT_EMIT_LOC_STRINGS = NO;
			SWIFT_VERSION = 5.0;
			TARGETED_DEVICE_FAMILY = 1;
		};
		name = Debug;
		};
		F4087E0A9D0E5F6F8FB7B46F = {isa = XCBuildConfiguration; buildSettings = {
			ASSETCATALOG_COMPILER_APPICON_NAME = AppIcon;
			ASSETCATALOG_COMPILER_GLOBAL_ACCENT_COLOR_NAME = AccentColor;
			CODE_SIGN_STYLE = Automatic;
			CURRENT_PROJECT_VERSION = 1;
			GENERATE_INFOPLIST_FILE = NO;
			INFOPLIST_FILE = Yooh/Info.plist;
			INFOPLIST_KEY_UIApplicationSupportsIndirectInputEvents = YES;
			IPHONEOS_DEPLOYMENT_TARGET = 17.0;
			LD_RUNPATH_SEARCH_PATHS = "$(inherited) @executable_path/Frameworks";
			MARKETING_VERSION = 1.0;
			PRODUCT_BUNDLE_IDENTIFIER = com.yooh.app;
			PRODUCT_NAME = "$(TARGET_NAME)";
			SWIFT_EMIT_LOC_STRINGS = NO;
			SWIFT_VERSION = 5.0;
			TARGETED_DEVICE_FAMILY = 1;
		};
		name = Release;
		};
		7815608DBDC45C4BAAEF376E = {isa = XCBuildConfiguration; buildSettings = {
			BUNDLE_LOADER = "$(TEST_HOST)";
			CODE_SIGN_STYLE = Automatic;
			CURRENT_PROJECT_VERSION = 1;
			GENERATE_INFOPLIST_FILE = YES;
			IPHONEOS_DEPLOYMENT_TARGET = 17.0;
			MARKETING_VERSION = 1.0;
			PRODUCT_BUNDLE_IDENTIFIER = com.yooh.app.tests;
			PRODUCT_NAME = "$(TARGET_NAME)";
			SWIFT_EMIT_LOC_STRINGS = NO;
			SWIFT_VERSION = 5.0;
			TARGETED_DEVICE_FAMILY = 1;
			TEST_HOST = "$(BUILT_PRODUCTS_DIR)/Yooh.app/$(BUNDLE_EXECUTABLE_FOLDER_PATH)/Yooh";
		};
		name = Debug;
		};
		E33938A211755FF6BBF09360 = {isa = XCBuildConfiguration; buildSettings = {
			BUNDLE_LOADER = "$(TEST_HOST)";
			CODE_SIGN_STYLE = Automatic;
			CURRENT_PROJECT_VERSION = 1;
			GENERATE_INFOPLIST_FILE = YES;
			IPHONEOS_DEPLOYMENT_TARGET = 17.0;
			MARKETING_VERSION = 1.0;
			PRODUCT_BUNDLE_IDENTIFIER = com.yooh.app.tests;
			PRODUCT_NAME = "$(TARGET_NAME)";
			SWIFT_EMIT_LOC_STRINGS = NO;
			SWIFT_VERSION = 5.0;
			TARGETED_DEVICE_FAMILY = 1;
			TEST_HOST = "$(BUILT_PRODUCTS_DIR)/Yooh.app/$(BUNDLE_EXECUTABLE_FOLDER_PATH)/Yooh";
		};
		name = Release;
		};
		37950123C5EC582AA7511F5F = {isa = XCConfigurationList; buildConfigurations = (9BB6AF035D615123807E3E19, 75922199107C53FBABF59910); defaultConfigurationIsVisible = 0; defaultConfigurationName = Release; };
		BC6A06DCBA9C5664B1C3A7EF = {isa = XCConfigurationList; buildConfigurations = (8436BFD667CC5AE0BEABA1DC, F4087E0A9D0E5F6F8FB7B46F); defaultConfigurationIsVisible = 0; defaultConfigurationName = Release; };
		FE9FE578D68E53F7889E7786 = {isa = XCConfigurationList; buildConfigurations = (7815608DBDC45C4BAAEF376E, E33938A211755FF6BBF09360); defaultConfigurationIsVisible = 0; defaultConfigurationName = Release; };
		F379DA87B62258CEBDB679E1 = {isa = PBXProject; attributes = {BuildIndependentTargetsInParallel = 1; LastUpgradeCheck = 1600; TargetAttributes = {96C1B0E276CC541C9FB0DEFE = {CreatedOnToolsVersion = 16.0;}; 0724C24CE5E35EE29157A637 = {CreatedOnToolsVersion = 16.0;};};}; buildConfigurationList = 37950123C5EC582AA7511F5F; compatibilityVersion = "Xcode 14.0"; developmentRegion = en; hasScannedForEncodings = 0; knownRegions = (en, Base); mainGroup = 4347D0C2C2F25583B43B12AD; productRefGroup = E5B73C98213958DA94575416; projectDirPath = ""; projectRoot = ""; targets = (96C1B0E276CC541C9FB0DEFE, 0724C24CE5E35EE29157A637); };
	};
	rootObject = F379DA87B62258CEBDB679E1;
}
