// !$*UTF8*$!
{
	archiveVersion = 1;
	classes = {
	};
	objectVersion = 56;
	objects = {
		16563CEB92505A9BADFB2D4F = {isa = PBXFileReference; lastKnownFileType = sourcecode.swift; name = AppConfig.swift; path = Yooh/Core/Config/AppConfig.swift; sourceTree = "<group>"; };
		54ECEFEBF8E353F5B2D46B96 = {isa = PBXFileReference; lastKnownFileType = sourcecode.swift; name = AnyCodable.swift; path = Yooh/Core/Models/AnyCodable.swift; sourceTree = "<group>"; };
		235393627ED854F0B68C659D = {isa = PBXFileReference; lastKnownFileType = sourcecode.swift; name = Auth.swift; path = Yooh/Core/Models/Auth.swift; sourceTree = "<group>"; };
		D661BF1661AD5DC1AD0683C7 = {isa = PBXFileReference; lastKnownFileType = sourcecode.swift; name = Chat.swift; path = Yooh/Core/Models/Chat.swift; sourceTree = "<group>"; };
		C851D587BA4952EBAA1A2D99 = {isa = PBXFileReference; lastKnownFileType = sourcecode.swift; name = Message.swift; path = Yooh/Core/Models/Message.swift; sourceTree = "<group>"; };
		1F953FBD9E3C52828BC739DC = {isa = PBXFileReference; lastKnownFileType = sourcecode.swift; name = Misc.swift; path = Yooh/Core/Models/Misc.swift; sourceTree = "<group>"; };
		FF2C708F62CF5DA19C22C8D6 = {isa = PBXFileReference; lastKnownFileType = sourcecode.swift; name = Requests.swift; path = Yooh/Core/Models/Requests.swift; sourceTree = "<group>"; };
		28AAAE56752F545E86365A4A = {isa = PBXFileReference; lastKnownFileType = sourcecode.swift; name = SecretChat.swift; path = Yooh/Core/Models/SecretChat.swift; sourceTree = "<group>"; };
		1295F624A7FC59A0833F6204 = {isa = PBXFileReference; lastKnownFileType = sourcecode.swift; name = User.swift; path = Yooh/Core/Models/User.swift; sourceTree = "<group>"; };
		D14459A310645E87B4020C45 = {isa = PBXFileReference; lastKnownFileType = sourcecode.swift; name = APIClient.swift; path = Yooh/Core/Networking/APIClient.swift; sourceTree = "<group>"; };
		08009BA31A4F5F3B9D6040D7 = {isa = PBXFileReference; lastKnownFileType = sourcecode.swift; name = APIEndpoint.swift; path = Yooh/Core/Networking/APIEndpoint.swift; sourceTree = "<group>"; };
		9D97A150E54450598EA9D31C = {isa = PBXFileReference; lastKnownFileType = sourcecode.swift; name = APIError.swift; path = Yooh/Core/Networking/APIError.swift; sourceTree = "<group>"; };
		4443CD19C8F15EA7AE8EF5EC = {isa = PBXFileReference; lastKnownFileType = sourcecode.swift; name = Multipart.swift; path = Yooh/Core/Networking/Multipart.swift; sourceTree = "<group>"; };
		E59E8D0A88D05CDCADB7BED1 = {isa = PBXFileReference; lastKnownFileType = sourcecode.swift; name = EngineIOClient.swift; path = Yooh/Core/Realtime/EngineIOClient.swift; sourceTree = "<group>"; };
		7B864F4B0B4459B08AD62C72 = {isa = PBXFileReference; lastKnownFileType = sourcecode.swift; name = SocketIOPackets.swift; path = Yooh/Core/Realtime/SocketIOPackets.swift; sourceTree = "<group>"; };
		8FB83AA831D5564CB6A051DD = {isa = PBXFileReference; lastKnownFileType = sourcecode.swift; name = YoohSocket.swift; path = Yooh/Core/Realtime/YoohSocket.swift; sourceTree = "<group>"; };
		99955C568B855D21B4F7779E = {isa = PBXFileReference; lastKnownFileType = sourcecode.swift; name = AdminService.swift; path = Yooh/Core/Services/AdminService.swift; sourceTree = "<group>"; };
		6171D9A0412257C9974A51C8 = {isa = PBXFileReference; lastKnownFileType = sourcecode.swift; name = AuthService.swift; path = Yooh/Core/Services/AuthService.swift; sourceTree = "<group>"; };
		1426B6C2792E5885BD6C20D4 = {isa = PBXFileReference; lastKnownFileType = sourcecode.swift; name = CallService.swift; path = Yooh/Core/Services/CallService.swift; sourceTree = "<group>"; };
		16A59B7E95FF567BBE23CE68 = {isa = PBXFileReference; lastKnownFileType = sourcecode.swift; name = ChatService.swift; path = Yooh/Core/Services/ChatService.swift; sourceTree = "<group>"; };
		AF66EF2C5C585EB49EDCD2C9 = {isa = PBXFileReference; lastKnownFileType = sourcecode.swift; name = MediaService.swift; path = Yooh/Core/Services/MediaService.swift; sourceTree = "<group>"; };
		DBBFD087FA2A59DD969F73F3 = {isa = PBXFileReference; lastKnownFileType = sourcecode.swift; name = MessageService.swift; path = Yooh/Core/Services/MessageService.swift; sourceTree = "<group>"; };
		77646E2018E55B50A0DCB3E1 = {isa = PBXFileReference; lastKnownFileType = sourcecode.swift; name = RequestsService.swift; path = Yooh/Core/Services/RequestsService.swift; sourceTree = "<group>"; };
		6AB934A281885FA0A8D65C5E = {isa = PBXFileReference; lastKnownFileType = sourcecode.swift; name = SettingsService.swift; path = Yooh/Core/Services/SettingsService.swift; sourceTree = "<group>"; };
		E9F61930FB6752928A0685F2 = {isa = PBXFileReference; lastKnownFileType = sourcecode.swift; name = StoryService.swift; path = Yooh/Core/Services/StoryService.swift; sourceTree = "<group>"; };
		50E09EA81AB55FD28C4E733C = {isa = PBXFileReference; lastKnownFileType = sourcecode.swift; name = UserService.swift; path = Yooh/Core/Services/UserService.swift; sourceTree = "<group>"; };
		EC12D97299D257BE9162D450 = {isa = PBXFileReference; lastKnownFileType = sourcecode.swift; name = AppLockStore.swift; path = Yooh/Core/Storage/AppLockStore.swift; sourceTree = "<group>"; };
		DFB0C96518025FA28BC9AA29 = {isa = PBXFileReference; lastKnownFileType = sourcecode.swift; name = ContactNotes.swift; path = Yooh/Core/Storage/ContactNotes.swift; sourceTree = "<group>"; };
		A6A5FBD7EA9E572AA6FA420B = {isa = PBXFileReference; lastKnownFileType = sourcecode.swift; name = KeychainStore.swift; path = Yooh/Core/Storage/KeychainStore.swift; sourceTree = "<group>"; };
		D3213DF2718D5862AC2949B6 = {isa = PBXFileReference; lastKnownFileType = sourcecode.swift; name = LocalPreferences.swift; path = Yooh/Core/Storage/LocalPreferences.swift; sourceTree = "<group>"; };
		CC65BC9E01A359B8A842133E = {isa = PBXFileReference; lastKnownFileType = sourcecode.swift; name = SessionStore.swift; path = Yooh/Core/Storage/SessionStore.swift; sourceTree = "<group>"; };
		D61CACFD4D6F5D1EBCD418FA = {isa = PBXFileReference; lastKnownFileType = sourcecode.swift; name = ThemeStore.swift; path = Yooh/Core/Storage/ThemeStore.swift; sourceTree = "<group>"; };
		BF75B024BAE35C1B8C6152C0 = {isa = PBXFileReference; lastKnownFileType = sourcecode.swift; name = YoohTheme.swift; path = Yooh/Core/Theme/YoohTheme.swift; sourceTree = "<group>"; };
		68C03AAAD590517CB2F672BA = {isa = PBXFileReference; lastKnownFileType = sourcecode.swift; name = Device.swift; path = Yooh/Core/Utilities/Device.swift; sourceTree = "<group>"; };
		1D25D787C55C5288A4785B8F = {isa = PBXFileReference; lastKnownFileType = sourcecode.swift; name = Formatters.swift; path = Yooh/Core/Utilities/Formatters.swift; sourceTree = "<group>"; };
		8B639DD52A93537291F4469D = {isa = PBXFileReference; lastKnownFileType = sourcecode.swift; name = Haptics.swift; path = Yooh/Core/Utilities/Haptics.swift; sourceTree = "<group>"; };
		5544B75FC0C8587F82639E4F = {isa = PBXFileReference; lastKnownFileType = sourcecode.swift; name = ImageCache.swift; path = Yooh/Core/Utilities/ImageCache.swift; sourceTree = "<group>"; };
		2A8F917EF1CF5B4B9377699A = {isa = PBXFileReference; lastKnownFileType = sourcecode.swift; name = LocationProvider.swift; path = Yooh/Core/Utilities/LocationProvider.swift; sourceTree = "<group>"; };
		565AB9113DA253A491DF9252 = {isa = PBXFileReference; lastKnownFileType = sourcecode.swift; name = RU.swift; path = Yooh/Core/Utilities/RU.swift; sourceTree = "<group>"; };
		8EDB26FB63C953CABD3BDACB = {isa = PBXFileReference; lastKnownFileType = sourcecode.swift; name = SpeechTranscriber.swift; path = Yooh/Core/Utilities/SpeechTranscriber.swift; sourceTree = "<group>"; };
		F0064D4276995322BE63B2A6 = {isa = PBXFileReference; lastKnownFileType = sourcecode.swift; name = Validation.swift; path = Yooh/Core/Utilities/Validation.swift; sourceTree = "<group>"; };
		150A8D66A89152889BF4227E = {isa = PBXFileReference; lastKnownFileType = sourcecode.swift; name = VoiceNotes.swift; path = Yooh/Core/Utilities/VoiceNotes.swift; sourceTree = "<group>"; };
		69CFCF8077985EA8B8022A16 = {isa = PBXFileReference; lastKnownFileType = sourcecode.swift; name = AuthCloudPasswordView.swift; path = Yooh/Features/Auth/AuthCloudPasswordView.swift; sourceTree = "<group>"; };
		07DC31C6BBF1592D8D709374 = {isa = PBXFileReference; lastKnownFileType = sourcecode.swift; name = AuthCodeView.swift; path = Yooh/Features/Auth/AuthCodeView.swift; sourceTree = "<group>"; };
		0761ACC6D8935207964E0CCA = {isa = PBXFileReference; lastKnownFileType = sourcecode.swift; name = AuthComponents.swift; path = Yooh/Features/Auth/AuthComponents.swift; sourceTree = "<group>"; };
		B4E41A3AB88456DBA02E4487 = {isa = PBXFileReference; lastKnownFileType = sourcecode.swift; name = AuthPhoneView.swift; path = Yooh/Features/Auth/AuthPhoneView.swift; sourceTree = "<group>"; };
		DF87132254735DE7B86E1FD1 = {isa = PBXFileReference; lastKnownFileType = sourcecode.swift; name = AuthProfileSetupView.swift; path = Yooh/Features/Auth/AuthProfileSetupView.swift; sourceTree = "<group>"; };
		94A1868EDDB050BD98D6EDB7 = {isa = PBXFileReference; lastKnownFileType = sourcecode.swift; name = AuthStartView.swift; path = Yooh/Features/Auth/AuthStartView.swift; sourceTree = "<group>"; };
		687FAB7626CD5359B11BEE22 = {isa = PBXFileReference; lastKnownFileType = sourcecode.swift; name = AuthView.swift; path = Yooh/Features/Auth/AuthView.swift; sourceTree = "<group>"; };
		D108C10106D55B3C84E41BA8 = {isa = PBXFileReference; lastKnownFileType = sourcecode.swift; name = AuthViewModel.swift; path = Yooh/Features/Auth/AuthViewModel.swift; sourceTree = "<group>"; };
		608456BE1A1654B5A6CB5649 = {isa = PBXFileReference; lastKnownFileType = sourcecode.swift; name = CountryCodes.swift; path = Yooh/Features/Auth/CountryCodes.swift; sourceTree = "<group>"; };
		BDF0E36103685CAF8B1BEDCB = {isa = PBXFileReference; lastKnownFileType = sourcecode.swift; name = CountryPickerView.swift; path = Yooh/Features/Auth/CountryPickerView.swift; sourceTree = "<group>"; };
		BD8DE4F9A0835DE897E3DD95 = {isa = PBXFileReference; lastKnownFileType = sourcecode.swift; name = CallsView.swift; path = Yooh/Features/Calls/CallsView.swift; sourceTree = "<group>"; };
		05AD060410BF50259B58A3C6 = {isa = PBXFileReference; lastKnownFileType = sourcecode.swift; name = CallsViewModel.swift; path = Yooh/Features/Calls/CallsViewModel.swift; sourceTree = "<group>"; };
		38902182769A5C479C9D9D83 = {isa = PBXFileReference; lastKnownFileType = sourcecode.swift; name = ChatInfoView.swift; path = Yooh/Features/Chat/ChatInfoView.swift; sourceTree = "<group>"; };
		58E69962BBA85D9691C1BBBC = {isa = PBXFileReference; lastKnownFileType = sourcecode.swift; name = ChatView.swift; path = Yooh/Features/Chat/ChatView.swift; sourceTree = "<group>"; };
		297E030E133053339BC8BEB0 = {isa = PBXFileReference; lastKnownFileType = sourcecode.swift; name = ChatViewModel.swift; path = Yooh/Features/Chat/ChatViewModel.swift; sourceTree = "<group>"; };
		953E5031A1845A21A43C257E = {isa = PBXFileReference; lastKnownFileType = sourcecode.swift; name = ComposerView.swift; path = Yooh/Features/Chat/ComposerView.swift; sourceTree = "<group>"; };
		475319C9FC415A4DBC787A94 = {isa = PBXFileReference; lastKnownFileType = sourcecode.swift; name = MessageBubbleView.swift; path = Yooh/Features/Chat/MessageBubbleView.swift; sourceTree = "<group>"; };
		B02C02E0936053D2AD8442C3 = {isa = PBXFileReference; lastKnownFileType = sourcecode.swift; name = MessageSearchView.swift; path = Yooh/Features/Chat/MessageSearchView.swift; sourceTree = "<group>"; };
		DEF08707F512513880CB6D05 = {isa = PBXFileReference; lastKnownFileType = sourcecode.swift; name = PeerExtras.swift; path = Yooh/Features/Chat/PeerExtras.swift; sourceTree = "<group>"; };
		FC7F5C20A6CB5D99A3699DBD = {isa = PBXFileReference; lastKnownFileType = sourcecode.swift; name = PollAndForward.swift; path = Yooh/Features/Chat/PollAndForward.swift; sourceTree = "<group>"; };
		5E4BE14B566350D0B1AF8231 = {isa = PBXFileReference; lastKnownFileType = sourcecode.swift; name = SecretChatView.swift; path = Yooh/Features/Chat/SecretChatView.swift; sourceTree = "<group>"; };
		0DB1D002CF41595094D7ABE9 = {isa = PBXFileReference; lastKnownFileType = sourcecode.swift; name = SecretChatViewModel.swift; path = Yooh/Features/Chat/SecretChatViewModel.swift; sourceTree = "<group>"; };
		329C612DCA635420BB9F331A = {isa = PBXFileReference; lastKnownFileType = sourcecode.swift; name = StickerSheet.swift; path = Yooh/Features/Chat/StickerSheet.swift; sourceTree = "<group>"; };
		694F48B8D0ED51FF803596EC = {isa = PBXFileReference; lastKnownFileType = sourcecode.swift; name = ChatRowView.swift; path = Yooh/Features/Chats/ChatRowView.swift; sourceTree = "<group>"; };
		D0FCC9F6B15451B1B503CA88 = {isa = PBXFileReference; lastKnownFileType = sourcecode.swift; name = ChatsView.swift; path = Yooh/Features/Chats/ChatsView.swift; sourceTree = "<group>"; };
		52EDE7B88A6251F9B22246D9 = {isa = PBXFileReference; lastKnownFileType = sourcecode.swift; name = ChatsViewModel.swift; path = Yooh/Features/Chats/ChatsViewModel.swift; sourceTree = "<group>"; };
		5B4D51EA2C4354AC9ACEEEA3 = {isa = PBXFileReference; lastKnownFileType = sourcecode.swift; name = FolderEditorView.swift; path = Yooh/Features/Chats/FolderEditorView.swift; sourceTree = "<group>"; };
		354802C8BDF85006A52FE8E4 = {isa = PBXFileReference; lastKnownFileType = sourcecode.swift; name = NewChatView.swift; path = Yooh/Features/Chats/NewChatView.swift; sourceTree = "<group>"; };
		DF940BD7C57B5658995F3A7A = {isa = PBXFileReference; lastKnownFileType = sourcecode.swift; name = ContactsView.swift; path = Yooh/Features/Contacts/ContactsView.swift; sourceTree = "<group>"; };
		A2D665B0DA175606B1B410EE = {isa = PBXFileReference; lastKnownFileType = sourcecode.swift; name = ContactsViewModel.swift; path = Yooh/Features/Contacts/ContactsViewModel.swift; sourceTree = "<group>"; };
		0A0DE26C75C550EE8DE542F7 = {isa = PBXFileReference; lastKnownFileType = sourcecode.swift; name = RequestsViews.swift; path = Yooh/Features/Contacts/RequestsViews.swift; sourceTree = "<group>"; };
		5D9E40EE822C503B97AEEDE1 = {isa = PBXFileReference; lastKnownFileType = sourcecode.swift; name = ProfileStyle.swift; path = Yooh/Features/Profile/ProfileStyle.swift; sourceTree = "<group>"; };
		1166804D5934528A9682DC67 = {isa = PBXFileReference; lastKnownFileType = sourcecode.swift; name = ProfileView.swift; path = Yooh/Features/Profile/ProfileView.swift; sourceTree = "<group>"; };
		5699E051C3A7556686C7DC81 = {isa = PBXFileReference; lastKnownFileType = sourcecode.swift; name = ProfileViewModel.swift; path = Yooh/Features/Profile/ProfileViewModel.swift; sourceTree = "<group>"; };
		8C61C5297D7154178F9AA140 = {isa = PBXFileReference; lastKnownFileType = sourcecode.swift; name = RequestsViewModel.swift; path = Yooh/Features/Requests/RequestsViewModel.swift; sourceTree = "<group>"; };
		4667E98870E35B8B86A6F148 = {isa = PBXFileReference; lastKnownFileType = sourcecode.swift; name = AdminView.swift; path = Yooh/Features/Settings/AdminView.swift; sourceTree = "<group>"; };
		5D896C39F6E55CB9B44E45AD = {isa = PBXFileReference; lastKnownFileType = sourcecode.swift; name = AppearanceView.swift; path = Yooh/Features/Settings/AppearanceView.swift; sourceTree = "<group>"; };
		F858E115BCAA5B759DF0507A = {isa = PBXFileReference; lastKnownFileType = sourcecode.swift; name = DeleteAccountView.swift; path = Yooh/Features/Settings/DeleteAccountView.swift; sourceTree = "<group>"; };
		D504D801B48F5097B287EEFF = {isa = PBXFileReference; lastKnownFileType = sourcecode.swift; name = HelpViews.swift; path = Yooh/Features/Settings/HelpViews.swift; sourceTree = "<group>"; };
		9A70405821C050479F61F948 = {isa = PBXFileReference; lastKnownFileType = sourcecode.swift; name = LinkDeviceView.swift; path = Yooh/Features/Settings/LinkDeviceView.swift; sourceTree = "<group>"; };
		752010E6F156571081C0E763 = {isa = PBXFileReference; lastKnownFileType = sourcecode.swift; name = NotificationsView.swift; path = Yooh/Features/Settings/NotificationsView.swift; sourceTree = "<group>"; };
		B3774F20AB3753338970BB17 = {isa = PBXFileReference; lastKnownFileType = sourcecode.swift; name = PrivacyRules.swift; path = Yooh/Features/Settings/PrivacyRules.swift; sourceTree = "<group>"; };
		800F8E87FACD5178A809D60D = {isa = PBXFileReference; lastKnownFileType = sourcecode.swift; name = PrivacyView.swift; path = Yooh/Features/Settings/PrivacyView.swift; sourceTree = "<group>"; };
		01F3CB08CACD5FF0A92572B2 = {isa = PBXFileReference; lastKnownFileType = sourcecode.swift; name = SettingsHelpers.swift; path = Yooh/Features/Settings/SettingsHelpers.swift; sourceTree = "<group>"; };
		8CB4911921135EB7A5EDA963 = {isa = PBXFileReference; lastKnownFileType = sourcecode.swift; name = SettingsView.swift; path = Yooh/Features/Settings/SettingsView.swift; sourceTree = "<group>"; };
		C7C2E8FA279D596596C69029 = {isa = PBXFileReference; lastKnownFileType = sourcecode.swift; name = SettingsViewModel.swift; path = Yooh/Features/Settings/SettingsViewModel.swift; sourceTree = "<group>"; };
		803CC28B49E7570584625E0D = {isa = PBXFileReference; lastKnownFileType = sourcecode.swift; name = ShowQRView.swift; path = Yooh/Features/Settings/ShowQRView.swift; sourceTree = "<group>"; };
		9C9EA45BC4CD551BA1578DC5 = {isa = PBXFileReference; lastKnownFileType = sourcecode.swift; name = StorageView.swift; path = Yooh/Features/Settings/StorageView.swift; sourceTree = "<group>"; };
		8E2A81913AAD55C59D08A5CC = {isa = PBXFileReference; lastKnownFileType = sourcecode.swift; name = AppState.swift; path = Yooh/Features/Shared/AppState.swift; sourceTree = "<group>"; };
		7BED1AB50A5F5C588B820076 = {isa = PBXFileReference; lastKnownFileType = sourcecode.swift; name = AvatarView.swift; path = Yooh/Features/Shared/AvatarView.swift; sourceTree = "<group>"; };
		45164E94C3405DFFB20AB284 = {isa = PBXFileReference; lastKnownFileType = sourcecode.swift; name = CachedFileImage.swift; path = Yooh/Features/Shared/CachedFileImage.swift; sourceTree = "<group>"; };
		CCEBE50CEAED597C97A75CDB = {isa = PBXFileReference; lastKnownFileType = sourcecode.swift; name = Controls.swift; path = Yooh/Features/Shared/Controls.swift; sourceTree = "<group>"; };
		C64FAD1A37785F39AAAAD378 = {isa = PBXFileReference; lastKnownFileType = sourcecode.swift; name = MainTabView.swift; path = Yooh/Features/Shared/MainTabView.swift; sourceTree = "<group>"; };
		779094ACC0465D059EA20828 = {isa = PBXFileReference; lastKnownFileType = sourcecode.swift; name = VoicePlayerView.swift; path = Yooh/Features/Shared/VoicePlayerView.swift; sourceTree = "<group>"; };
		810C3EAFDFAA526093AB3176 = {isa = PBXFileReference; lastKnownFileType = sourcecode.swift; name = StoriesView.swift; path = Yooh/Features/Stories/StoriesView.swift; sourceTree = "<group>"; };
		B87175F8D84D526AB26FE6D7 = {isa = PBXFileReference; lastKnownFileType = sourcecode.swift; name = StoriesViewModel.swift; path = Yooh/Features/Stories/StoriesViewModel.swift; sourceTree = "<group>"; };
		2F4491F3909A5346A93F6D38 = {isa = PBXFileReference; lastKnownFileType = sourcecode.swift; name = YoohApp.swift; path = Yooh/YoohApp.swift; sourceTree = "<group>"; };
		DB94FDE80DBF5C7589BE4899 = {isa = PBXFileReference; lastKnownFileType = sourcecode.swift; name = YoohTests.swift; path = YoohTests/YoohTests.swift; sourceTree = "<group>"; };
		5558428FFAFD5E69925C194E = {isa = PBXFileReference; lastKnownFileType = text.plist.xml; name = Info.plist; path = Yooh/Info.plist; sourceTree = "<group>"; };
		513B0A33131B5E5CBC0F368B = {isa = PBXFileReference; lastKnownFileType = folder.assetcatalog; name = Assets.xcassets; path = Yooh/Assets.xcassets; sourceTree = "<group>"; };
		9C447836C886527EA895617C = {isa = PBXFileReference; explicitFileType = wrapper.application; includeInIndex = 0; path = Yooh.app; sourceTree = BUILT_PRODUCTS_DIR; };
		12C9A1891A70559BBDC498B0 = {isa = PBXFileReference; explicitFileType = wrapper.cfbundle; includeInIndex = 0; path = YoohTests.xctest; sourceTree = BUILT_PRODUCTS_DIR; };
		C807C6172B5750F1812A7919 = {isa = PBXBuildFile; fileRef = 16563CEB92505A9BADFB2D4F; };
		30FD95438F7253799D30B42F = {isa = PBXBuildFile; fileRef = 54ECEFEBF8E353F5B2D46B96; };
		39F1E4DB861153EC8F2A0329 = {isa = PBXBuildFile; fileRef = 235393627ED854F0B68C659D; };
		7DF0CBF656F2506E8B352F2E = {isa = PBXBuildFile; fileRef = D661BF1661AD5DC1AD0683C7; };
		9018D512E08D513692CB8C73 = {isa = PBXBuildFile; fileRef = C851D587BA4952EBAA1A2D99; };
		F16DE2B0508F5311BE639739 = {isa = PBXBuildFile; fileRef = 1F953FBD9E3C52828BC739DC; };
		DC2D1C8EEABF5495BE8001A0 = {isa = PBXBuildFile; fileRef = FF2C708F62CF5DA19C22C8D6; };
		F4F4FC77894455EDA2B8DA94 = {isa = PBXBuildFile; fileRef = 28AAAE56752F545E86365A4A; };
		CE93C8A26315558AA49101EA = {isa = PBXBuildFile; fileRef = 1295F624A7FC59A0833F6204; };
		241F84B555CC5D0EAAF56744 = {isa = PBXBuildFile; fileRef = D14459A310645E87B4020C45; };
		8B9468B6F96E59A697BB60EB = {isa = PBXBuildFile; fileRef = 08009BA31A4F5F3B9D6040D7; };
		9032907CBA36597BA3169FD9 = {isa = PBXBuildFile; fileRef = 9D97A150E54450598EA9D31C; };
		E301CDE620F45CA0BA59D65B = {isa = PBXBuildFile; fileRef = 4443CD19C8F15EA7AE8EF5EC; };
		FA6095FD2BB952E6B174CEF9 = {isa = PBXBuildFile; fileRef = E59E8D0A88D05CDCADB7BED1; };
		04D3FF4753A05CDEABD8F16E = {isa = PBXBuildFile; fileRef = 7B864F4B0B4459B08AD62C72; };
		8346C46095C451B3940491B5 = {isa = PBXBuildFile; fileRef = 8FB83AA831D5564CB6A051DD; };
		AD8AD0128A805B2386AD10D5 = {isa = PBXBuildFile; fileRef = 99955C568B855D21B4F7779E; };
		EAABA046F69F58DCADB53281 = {isa = PBXBuildFile; fileRef = 6171D9A0412257C9974A51C8; };
		B8FCE479AC62523196403BBE = {isa = PBXBuildFile; fileRef = 1426B6C2792E5885BD6C20D4; };
		04CF2A03C1B55B58A999CEDA = {isa = PBXBuildFile; fileRef = 16A59B7E95FF567BBE23CE68; };
		5442F54ED930527D93C11E9C = {isa = PBXBuildFile; fileRef = AF66EF2C5C585EB49EDCD2C9; };
		9A9A0B893B825976A8F6828E = {isa = PBXBuildFile; fileRef = DBBFD087FA2A59DD969F73F3; };
		8857DDB0206D5C49BB6303D0 = {isa = PBXBuildFile; fileRef = 77646E2018E55B50A0DCB3E1; };
		CEF55555B28B5C39A5F95F0D = {isa = PBXBuildFile; fileRef = 6AB934A281885FA0A8D65C5E; };
		7A9F31D639F053E898356AA4 = {isa = PBXBuildFile; fileRef = E9F61930FB6752928A0685F2; };
		B036EB51E656594991212338 = {isa = PBXBuildFile; fileRef = 50E09EA81AB55FD28C4E733C; };
		6F2A86A8C76B5D43A546DADB = {isa = PBXBuildFile; fileRef = EC12D97299D257BE9162D450; };
		EBA7C582708A5FE095684A24 = {isa = PBXBuildFile; fileRef = DFB0C96518025FA28BC9AA29; };
		69C3C5EEC97B5423A43240BE = {isa = PBXBuildFile; fileRef = A6A5FBD7EA9E572AA6FA420B; };
		C5B404F08AC3575F81290186 = {isa = PBXBuildFile; fileRef = D3213DF2718D5862AC2949B6; };
		69D4E17D04485E789FB66330 = {isa = PBXBuildFile; fileRef = CC65BC9E01A359B8A842133E; };
		2E8EEA23C14459F4B26742CD = {isa = PBXBuildFile; fileRef = D61CACFD4D6F5D1EBCD418FA; };
		C5A4D6BFF37D5F47BFE6A855 = {isa = PBXBuildFile; fileRef = BF75B024BAE35C1B8C6152C0; };
		A33FC91DC6C8570499803A57 = {isa = PBXBuildFile; fileRef = 68C03AAAD590517CB2F672BA; };
		52EB0C9398645739BA1F3F5D = {isa = PBXBuildFile; fileRef = 1D25D787C55C5288A4785B8F; };
		A638EF8D41F55A29B3515A43 = {isa = PBXBuildFile; fileRef = 8B639DD52A93537291F4469D; };
		5B0FFF18DD2D57DE8A352A09 = {isa = PBXBuildFile; fileRef = 5544B75FC0C8587F82639E4F; };
		6C6D6FECB0A95985AC851724 = {isa = PBXBuildFile; fileRef = 2A8F917EF1CF5B4B9377699A; };
		8079E17CB1D956CE9C95B113 = {isa = PBXBuildFile; fileRef = 565AB9113DA253A491DF9252; };
		7C66997D54935BB980718A8A = {isa = PBXBuildFile; fileRef = 8EDB26FB63C953CABD3BDACB; };
		FEC0BC18DB53503887402837 = {isa = PBXBuildFile; fileRef = F0064D4276995322BE63B2A6; };
		490F6FFDA2075DA3BA580BE6 = {isa = PBXBuildFile; fileRef = 150A8D66A89152889BF4227E; };
		57B2B8E8FF315E47B2AAFBFC = {isa = PBXBuildFile; fileRef = 69CFCF8077985EA8B8022A16; };
		5749C6264951542BB5907EAF = {isa = PBXBuildFile; fileRef = 07DC31C6BBF1592D8D709374; };
		118599853654564D99021EEB = {isa = PBXBuildFile; fileRef = 0761ACC6D8935207964E0CCA; };
		FC1E10B0E8925E9B8A58A416 = {isa = PBXBuildFile; fileRef = B4E41A3AB88456DBA02E4487; };
		104CD46D5B9E564490634D10 = {isa = PBXBuildFile; fileRef = DF87132254735DE7B86E1FD1; };
		B1391232338656E095404FF5 = {isa = PBXBuildFile; fileRef = 94A1868EDDB050BD98D6EDB7; };
		387A85CBFA9551139455EEE6 = {isa = PBXBuildFile; fileRef = 687FAB7626CD5359B11BEE22; };
		91A6EC8B713650D5B00CA283 = {isa = PBXBuildFile; fileRef = D108C10106D55B3C84E41BA8; };
		888CE2AFAB095A2CADF89911 = {isa = PBXBuildFile; fileRef = 608456BE1A1654B5A6CB5649; };
		21E646FFE2005031A29B3389 = {isa = PBXBuildFile; fileRef = BDF0E36103685CAF8B1BEDCB; };
		252E423BD399585E94F6A2D9 = {isa = PBXBuildFile; fileRef = BD8DE4F9A0835DE897E3DD95; };
		704F774C4DAF557B9FC30281 = {isa = PBXBuildFile; fileRef = 05AD060410BF50259B58A3C6; };
		DBDF95BC03D251FE91FEF189 = {isa = PBXBuildFile; fileRef = 38902182769A5C479C9D9D83; };
		F761AC346F345DCFA9EB83F2 = {isa = PBXBuildFile; fileRef = 58E69962BBA85D9691C1BBBC; };
		454A4555A88D5AD784E210AD = {isa = PBXBuildFile; fileRef = 297E030E133053339BC8BEB0; };
		7AA73A2278DF5A4FA110ABCE = {isa = PBXBuildFile; fileRef = 953E5031A1845A21A43C257E; };
		4530E36AD10E5C24A5588DAD = {isa = PBXBuildFile; fileRef = 475319C9FC415A4DBC787A94; };
		FD8754DE43CC5D6CAFFFD4A3 = {isa = PBXBuildFile; fileRef = B02C02E0936053D2AD8442C3; };
		AE0D53DA9C0C5E9DB0200B13 = {isa = PBXBuildFile; fileRef = DEF08707F512513880CB6D05; };
		6B85577846EE5FB98AA8FA47 = {isa = PBXBuildFile; fileRef = FC7F5C20A6CB5D99A3699DBD; };
		8BD4BE406D2E5114A4E98EE4 = {isa = PBXBuildFile; fileRef = 5E4BE14B566350D0B1AF8231; };
		E7D53D6388555146A8D8891F = {isa = PBXBuildFile; fileRef = 0DB1D002CF41595094D7ABE9; };
		50D8226564545F84B13832BE = {isa = PBXBuildFile; fileRef = 329C612DCA635420BB9F331A; };
		2552C391A7CD5A0D8363A5AD = {isa = PBXBuildFile; fileRef = 694F48B8D0ED51FF803596EC; };
		C9151634CB6858B7A490D7D2 = {isa = PBXBuildFile; fileRef = D0FCC9F6B15451B1B503CA88; };
		C8AC7456EC175EB58736731D = {isa = PBXBuildFile; fileRef = 52EDE7B88A6251F9B22246D9; };
		4D914904E2595D6B8FA721D4 = {isa = PBXBuildFile; fileRef = 5B4D51EA2C4354AC9ACEEEA3; };
		AD0F3C6102A0521BA1F52323 = {isa = PBXBuildFile; fileRef = 354802C8BDF85006A52FE8E4; };
		BE6A4C33B8955C0B862CA6CB = {isa = PBXBuildFile; fileRef = DF940BD7C57B5658995F3A7A; };
		8C1EF1D22A525B5A8B72DDAD = {isa = PBXBuildFile; fileRef = A2D665B0DA175606B1B410EE; };
		118F4C8ABD795AE48E4DA669 = {isa = PBXBuildFile; fileRef = 0A0DE26C75C550EE8DE542F7; };
		ADC3B316C51F5DA882E201BB = {isa = PBXBuildFile; fileRef = 5D9E40EE822C503B97AEEDE1; };
		778590894ADA51CFA3D9C873 = {isa = PBXBuildFile; fileRef = 1166804D5934528A9682DC67; };
		586A97E0995D5AAC918DE225 = {isa = PBXBuildFile; fileRef = 5699E051C3A7556686C7DC81; };
		F5D11703B38B55B482D8EE0C = {isa = PBXBuildFile; fileRef = 8C61C5297D7154178F9AA140; };
		4A5A2FB8C711556387754AB9 = {isa = PBXBuildFile; fileRef = 4667E98870E35B8B86A6F148; };
		4085D61E18F650F391B2979A = {isa = PBXBuildFile; fileRef = 5D896C39F6E55CB9B44E45AD; };
		0C90B18083BB5C1EA64ADEAE = {isa = PBXBuildFile; fileRef = F858E115BCAA5B759DF0507A; };
		15BF114B4CCD52A5AE5D9BAB = {isa = PBXBuildFile; fileRef = D504D801B48F5097B287EEFF; };
		684DD4A287B55FCA8734829D = {isa = PBXBuildFile; fileRef = 9A70405821C050479F61F948; };
		FF86130E0BFE58ECB432F7C0 = {isa = PBXBuildFile; fileRef = 752010E6F156571081C0E763; };
		A4A0A66E36CD52C7A76B18ED = {isa = PBXBuildFile; fileRef = B3774F20AB3753338970BB17; };
		D6A9BF2854D2530088E989D4 = {isa = PBXBuildFile; fileRef = 800F8E87FACD5178A809D60D; };
		76F44A6069A95982B3F2766C = {isa = PBXBuildFile; fileRef = 01F3CB08CACD5FF0A92572B2; };
		2BC2A451B6DC51E9B0A0938A = {isa = PBXBuildFile; fileRef = 8CB4911921135EB7A5EDA963; };
		BA221831F4895A738403AE15 = {isa = PBXBuildFile; fileRef = C7C2E8FA279D596596C69029; };
		1AACFD5845195041AF59D61C = {isa = PBXBuildFile; fileRef = 803CC28B49E7570584625E0D; };
		A5E86E64D4695C119B87B65B = {isa = PBXBuildFile; fileRef = 9C9EA45BC4CD551BA1578DC5; };
		D76EDDD5E4CB534B930D02EC = {isa = PBXBuildFile; fileRef = 8E2A81913AAD55C59D08A5CC; };
		E0AA8714F29F5184AB6D16BC = {isa = PBXBuildFile; fileRef = 7BED1AB50A5F5C588B820076; };
		35AE838D9282582E8A847D7A = {isa = PBXBuildFile; fileRef = 45164E94C3405DFFB20AB284; };
		DCB0F30C864854469E22920D = {isa = PBXBuildFile; fileRef = CCEBE50CEAED597C97A75CDB; };
		9875887138375DF58E1D394E = {isa = PBXBuildFile; fileRef = C64FAD1A37785F39AAAAD378; };
		53513F661ECB59C6820AAF1A = {isa = PBXBuildFile; fileRef = 779094ACC0465D059EA20828; };
		F864A288BCE95F0C821F3B13 = {isa = PBXBuildFile; fileRef = 810C3EAFDFAA526093AB3176; };
		DBAF09E17DA853A78A4E125A = {isa = PBXBuildFile; fileRef = B87175F8D84D526AB26FE6D7; };
		D0F1DFD9BE92508696083DD9 = {isa = PBXBuildFile; fileRef = 2F4491F3909A5346A93F6D38; };
		2C8568D173E056EF8A73E566 = {isa = PBXBuildFile; fileRef = 513B0A33131B5E5CBC0F368B; };
		CFF6D369B8365B6C89DE6249 = {isa = PBXBuildFile; fileRef = DB94FDE80DBF5C7589BE4899; };
		3E725512063A5C6A9083C872 = {isa = PBXGroup; children = (2F4491F3909A5346A93F6D38, 5558428FFAFD5E69925C194E, 513B0A33131B5E5CBC0F368B); name = Yooh; sourceTree = "<group>"; };
		06BB5B95C17050C0AD573D3D = {isa = PBXGroup; children = (81CB6067AB395D70995F499E, 87B682B8AD2B5A9896C52E3A, 21EC7B3C7C305F9FA5424303, EB7B80A32B6451DCA22ACC59, EBEA377497CD5519933F25B5, 5137CDF090495D8EB08D1BFC, C0B9F6D20869541D9C701FCA, 6F56A021E9C2596793708FAA); name = Core; sourceTree = "<group>"; };
		81CB6067AB395D70995F499E = {isa = PBXGroup; children = (16563CEB92505A9BADFB2D4F); name = Config; sourceTree = "<group>"; };
		87B682B8AD2B5A9896C52E3A = {isa = PBXGroup; children = (54ECEFEBF8E353F5B2D46B96, 235393627ED854F0B68C659D, D661BF1661AD5DC1AD0683C7, C851D587BA4952EBAA1A2D99, 1F953FBD9E3C52828BC739DC, FF2C708F62CF5DA19C22C8D6, 28AAAE56752F545E86365A4A, 1295F624A7FC59A0833F6204); name = Models; sourceTree = "<group>"; };
		21EC7B3C7C305F9FA5424303 = {isa = PBXGroup; children = (D14459A310645E87B4020C45, 08009BA31A4F5F3B9D6040D7, 9D97A150E54450598EA9D31C, 4443CD19C8F15EA7AE8EF5EC); name = Networking; sourceTree = "<group>"; };
		EB7B80A32B6451DCA22ACC59 = {isa = PBXGroup; children = (E59E8D0A88D05CDCADB7BED1, 7B864F4B0B4459B08AD62C72, 8FB83AA831D5564CB6A051DD); name = Realtime; sourceTree = "<group>"; };
		EBEA377497CD5519933F25B5 = {isa = PBXGroup; children = (99955C568B855D21B4F7779E, 6171D9A0412257C9974A51C8, 1426B6C2792E5885BD6C20D4, 16A59B7E95FF567BBE23CE68, AF66EF2C5C585EB49EDCD2C9, DBBFD087FA2A59DD969F73F3, 77646E2018E55B50A0DCB3E1, 6AB934A281885FA0A8D65C5E, E9F61930FB6752928A0685F2, 50E09EA81AB55FD28C4E733C); name = Services; sourceTree = "<group>"; };
		5137CDF090495D8EB08D1BFC = {isa = PBXGroup; children = (EC12D97299D257BE9162D450, DFB0C96518025FA28BC9AA29, A6A5FBD7EA9E572AA6FA420B, D3213DF2718D5862AC2949B6, CC65BC9E01A359B8A842133E, D61CACFD4D6F5D1EBCD418FA); name = Storage; sourceTree = "<group>"; };
		C0B9F6D20869541D9C701FCA = {isa = PBXGroup; children = (BF75B024BAE35C1B8C6152C0); name = Theme; sourceTree = "<group>"; };
		6F56A021E9C2596793708FAA = {isa = PBXGroup; children = (68C03AAAD590517CB2F672BA, 1D25D787C55C5288A4785B8F, 8B639DD52A93537291F4469D, 5544B75FC0C8587F82639E4F, 2A8F917EF1CF5B4B9377699A, 565AB9113DA253A491DF9252, 8EDB26FB63C953CABD3BDACB, F0064D4276995322BE63B2A6, 150A8D66A89152889BF4227E); name = Utilities; sourceTree = "<group>"; };
		07BBF9E5EBCF509DBF3A79C1 = {isa = PBXGroup; children = (9632A3289BCB57A4A522F711, 7D262BF5D19259D29944873E, F87A90C584B359C2B70E7305, 7DB29669139456288AFAFF8D, 02CD71FF9DDC58A2BC314876, 6B3A841D82355818AC9FFCA9, D1C63C94F116599CB3263EDA, 963B2FF8988C5266852C33D1, 952DBBE6B09F53A6BABDD748, 3FB781DEFA555D7BADFBD830); name = Features; sourceTree = "<group>"; };
		9632A3289BCB57A4A522F711 = {isa = PBXGroup; children = (69CFCF8077985EA8B8022A16, 07DC31C6BBF1592D8D709374, 0761ACC6D8935207964E0CCA, B4E41A3AB88456DBA02E4487, DF87132254735DE7B86E1FD1, 94A1868EDDB050BD98D6EDB7, 687FAB7626CD5359B11BEE22, D108C10106D55B3C84E41BA8, 608456BE1A1654B5A6CB5649, BDF0E36103685CAF8B1BEDCB); name = Auth; sourceTree = "<group>"; };
		7D262BF5D19259D29944873E = {isa = PBXGroup; children = (BD8DE4F9A0835DE897E3DD95, 05AD060410BF50259B58A3C6); name = Calls; sourceTree = "<group>"; };
		F87A90C584B359C2B70E7305 = {isa = PBXGroup; children = (38902182769A5C479C9D9D83, 58E69962BBA85D9691C1BBBC, 297E030E133053339BC8BEB0, 953E5031A1845A21A43C257E, 475319C9FC415A4DBC787A94, B02C02E0936053D2AD8442C3, DEF08707F512513880CB6D05, FC7F5C20A6CB5D99A3699DBD, 5E4BE14B566350D0B1AF8231, 0DB1D002CF41595094D7ABE9, 329C612DCA635420BB9F331A); name = Chat; sourceTree = "<group>"; };
		7DB29669139456288AFAFF8D = {isa = PBXGroup; children = (694F48B8D0ED51FF803596EC, D0FCC9F6B15451B1B503CA88, 52EDE7B88A6251F9B22246D9, 5B4D51EA2C4354AC9ACEEEA3, 354802C8BDF85006A52FE8E4); name = Chats; sourceTree = "<group>"; };
		02CD71FF9DDC58A2BC314876 = {isa = PBXGroup; children = (DF940BD7C57B5658995F3A7A, A2D665B0DA175606B1B410EE, 0A0DE26C75C550EE8DE542F7); name = Contacts; sourceTree = "<group>"; };
		6B3A841D82355818AC9FFCA9 = {isa = PBXGroup; children = (5D9E40EE822C503B97AEEDE1, 1166804D5934528A9682DC67, 5699E051C3A7556686C7DC81); name = Profile; sourceTree = "<group>"; };
		D1C63C94F116599CB3263EDA = {isa = PBXGroup; children = (8C61C5297D7154178F9AA140); name = Requests; sourceTree = "<group>"; };
		963B2FF8988C5266852C33D1 = {isa = PBXGroup; children = (4667E98870E35B8B86A6F148, 5D896C39F6E55CB9B44E45AD, F858E115BCAA5B759DF0507A, D504D801B48F5097B287EEFF, 9A70405821C050479F61F948, 752010E6F156571081C0E763, B3774F20AB3753338970BB17, 800F8E87FACD5178A809D60D, 01F3CB08CACD5FF0A92572B2, 8CB4911921135EB7A5EDA963, C7C2E8FA279D596596C69029, 803CC28B49E7570584625E0D, 9C9EA45BC4CD551BA1578DC5); name = Settings; sourceTree = "<group>"; };
		952DBBE6B09F53A6BABDD748 = {isa = PBXGroup; children = (8E2A81913AAD55C59D08A5CC, 7BED1AB50A5F5C588B820076, 45164E94C3405DFFB20AB284, CCEBE50CEAED597C97A75CDB, C64FAD1A37785F39AAAAD378, 779094ACC0465D059EA20828); name = Shared; sourceTree = "<group>"; };
		3FB781DEFA555D7BADFBD830 = {isa = PBXGroup; children = (810C3EAFDFAA526093AB3176, B87175F8D84D526AB26FE6D7); name = Stories; sourceTree = "<group>"; };
		C7B32C6CC1945533882F9739 = {isa = PBXGroup; children = (DB94FDE80DBF5C7589BE4899); name = YoohTests; sourceTree = "<group>"; };
		4347D0C2C2F25583B43B12AD = {isa = PBXGroup; children = (3E725512063A5C6A9083C872, C7B32C6CC1945533882F9739, E5B73C98213958DA94575416); sourceTree = "<group>"; };
		E5B73C98213958DA94575416 = {isa = PBXGroup; children = (9C447836C886527EA895617C, 12C9A1891A70559BBDC498B0); name = Products; sourceTree = "<group>"; };
		A1132055C3895FB484B4318E = {isa = PBXFrameworksBuildPhase; buildActionMask = 2147483647; files = (); runOnlyForDeploymentPostprocessing = 0; };
		4C4A082BE7585E63ADDF928C = {isa = PBXSourcesBuildPhase; buildActionMask = 2147483647; files = (C807C6172B5750F1812A7919, 30FD95438F7253799D30B42F, 39F1E4DB861153EC8F2A0329, 7DF0CBF656F2506E8B352F2E, 9018D512E08D513692CB8C73, F16DE2B0508F5311BE639739, DC2D1C8EEABF5495BE8001A0, F4F4FC77894455EDA2B8DA94, CE93C8A26315558AA49101EA, 241F84B555CC5D0EAAF56744, 8B9468B6F96E59A697BB60EB, 9032907CBA36597BA3169FD9, E301CDE620F45CA0BA59D65B, FA6095FD2BB952E6B174CEF9, 04D3FF4753A05CDEABD8F16E, 8346C46095C451B3940491B5, AD8AD0128A805B2386AD10D5, EAABA046F69F58DCADB53281, B8FCE479AC62523196403BBE, 04CF2A03C1B55B58A999CEDA, 5442F54ED930527D93C11E9C, 9A9A0B893B825976A8F6828E, 8857DDB0206D5C49BB6303D0, CEF55555B28B5C39A5F95F0D, 7A9F31D639F053E898356AA4, B036EB51E656594991212338, 6F2A86A8C76B5D43A546DADB, EBA7C582708A5FE095684A24, 69C3C5EEC97B5423A43240BE, C5B404F08AC3575F81290186, 69D4E17D04485E789FB66330, 2E8EEA23C14459F4B26742CD, C5A4D6BFF37D5F47BFE6A855, A33FC91DC6C8570499803A57, 52EB0C9398645739BA1F3F5D, A638EF8D41F55A29B3515A43, 5B0FFF18DD2D57DE8A352A09, 6C6D6FECB0A95985AC851724, 8079E17CB1D956CE9C95B113, 7C66997D54935BB980718A8A, FEC0BC18DB53503887402837, 490F6FFDA2075DA3BA580BE6, 57B2B8E8FF315E47B2AAFBFC, 5749C6264951542BB5907EAF, 118599853654564D99021EEB, FC1E10B0E8925E9B8A58A416, 104CD46D5B9E564490634D10, B1391232338656E095404FF5, 387A85CBFA9551139455EEE6, 91A6EC8B713650D5B00CA283, 888CE2AFAB095A2CADF89911, 21E646FFE2005031A29B3389, 252E423BD399585E94F6A2D9, 704F774C4DAF557B9FC30281, DBDF95BC03D251FE91FEF189, F761AC346F345DCFA9EB83F2, 454A4555A88D5AD784E210AD, 7AA73A2278DF5A4FA110ABCE, 4530E36AD10E5C24A5588DAD, FD8754DE43CC5D6CAFFFD4A3, AE0D53DA9C0C5E9DB0200B13, 6B85577846EE5FB98AA8FA47, 8BD4BE406D2E5114A4E98EE4, E7D53D6388555146A8D8891F, 50D8226564545F84B13832BE, 2552C391A7CD5A0D8363A5AD, C9151634CB6858B7A490D7D2, C8AC7456EC175EB58736731D, 4D914904E2595D6B8FA721D4, AD0F3C6102A0521BA1F52323, BE6A4C33B8955C0B862CA6CB, 8C1EF1D22A525B5A8B72DDAD, 118F4C8ABD795AE48E4DA669, ADC3B316C51F5DA882E201BB, 778590894ADA51CFA3D9C873, 586A97E0995D5AAC918DE225, F5D11703B38B55B482D8EE0C, 4A5A2FB8C711556387754AB9, 4085D61E18F650F391B2979A, 0C90B18083BB5C1EA64ADEAE, 15BF114B4CCD52A5AE5D9BAB, 684DD4A287B55FCA8734829D, FF86130E0BFE58ECB432F7C0, A4A0A66E36CD52C7A76B18ED, D6A9BF2854D2530088E989D4, 76F44A6069A95982B3F2766C, 2BC2A451B6DC51E9B0A0938A, BA221831F4895A738403AE15, 1AACFD5845195041AF59D61C, A5E86E64D4695C119B87B65B, D76EDDD5E4CB534B930D02EC, E0AA8714F29F5184AB6D16BC, 35AE838D9282582E8A847D7A, DCB0F30C864854469E22920D, 9875887138375DF58E1D394E, 53513F661ECB59C6820AAF1A, F864A288BCE95F0C821F3B13, DBAF09E17DA853A78A4E125A, D0F1DFD9BE92508696083DD9); runOnlyForDeploymentPostprocessing = 0; };
		ADE1AFDC1AA45452B41443BB = {isa = PBXResourcesBuildPhase; buildActionMask = 2147483647; files = (2C8568D173E056EF8A73E566); runOnlyForDeploymentPostprocessing = 0; };
		9FF76068F911566581677EAE = {isa = PBXFrameworksBuildPhase; buildActionMask = 2147483647; files = (); runOnlyForDeploymentPostprocessing = 0; };
		FA058EEE7B145BD5AA3FD7CC = {isa = PBXSourcesBuildPhase; buildActionMask = 2147483647; files = (CFF6D369B8365B6C89DE6249); runOnlyForDeploymentPostprocessing = 0; };
		18EE54A6342F5C689F9C1DA2 = {isa = PBXContainerItemProxy; containerPortal = F379DA87B62258CEBDB679E1; proxyType = 1; remoteGlobalIDString = 96C1B0E276CC541C9FB0DEFE; remoteInfo = Yooh; };
		E8EFD9A4098C595A961677E3 = {isa = PBXTargetDependency; targetProxy = 18EE54A6342F5C689F9C1DA2; };
		96C1B0E276CC541C9FB0DEFE = {isa = PBXNativeTarget; buildConfigurationList = BC6A06DCBA9C5664B1C3A7EF; buildPhases = (4C4A082BE7585E63ADDF928C, A1132055C3895FB484B4318E, ADE1AFDC1AA45452B41443BB); buildRules = (); dependencies = (); name = Yooh; productName = Yooh; productReference = 9C447836C886527EA895617C; productType = "com.apple.product-type.application"; };
		0724C24CE5E35EE29157A637 = {isa = PBXNativeTarget; buildConfigurationList = FE9FE578D68E53F7889E7786; buildPhases = (FA058EEE7B145BD5AA3FD7CC, 9FF76068F911566581677EAE); buildRules = (); dependencies = (E8EFD9A4098C595A961677E3); name = YoohTests; productName = YoohTests; productReference = 12C9A1891A70559BBDC498B0; productType = "com.apple.product-type.bundle.unit-test"; };
		9BB6AF035D615123807E3E19 = {isa = XCBuildConfiguration; buildSettings = {
			ALWAYS_SEARCH_USER_PATHS = NO;
			MARKETING_VERSION = 1.0;
		};
		name = Debug;
		};
		75922199107C53FBABF59910 = {isa = XCBuildConfiguration; buildSettings = {
			ALWAYS_SEARCH_USER_PATHS = NO;
			MARKETING_VERSION = 1.0;
		};
		name = Release;
		};
		8436BFD667CC5AE0BEABA1DC = {isa = XCBuildConfiguration; buildSettings = {
			ASSETCATALOG_COMPILER_APPICON_NAME = AppIcon;
			ASSETCATALOG_COMPILER_GLOBAL_ACCENT_COLOR_NAME = AccentColor;
			CODE_SIGN_STYLE = Automatic;
			CURRENT_PROJECT_VERSION = 1;
			GENERATE_INFOPLIST_FILE = NO;
			INFOPLIST_FILE = Yooh/Info.plist;
			INFOPLIST_KEY_UIApplicationSupportsIndirectInputEvents = YES;
			IPHONEOS_DEPLOYMENT_TARGET = 17.0;
			LD_RUNPATH_SEARCH_PATHS = "$(inherited) @executable_path/Frameworks";
			MARKETING_VERSION = 1.0;
			PRODUCT_BUNDLE_IDENTIFIER = com.yooh.app;
			PRODUCT_NAME = "$(TARGET_NAME)";
			SDKROOT = iphoneos;
			SWIFT_EMIT_LOC_STRINGS = NO;
			SWIFT_VERSION = 5.0;
			TARGETED_DEVICE_FAMILY = 1;
		};
		name = Debug;
		};
		F4087E0A9D0E5F6F8FB7B46F = {isa = XCBuildConfiguration; buildSettings = {
			ASSETCATALOG_COMPILER_APPICON_NAME = AppIcon;
			ASSETCATALOG_COMPILER_GLOBAL_ACCENT_COLOR_NAME = AccentColor;
			CODE_SIGN_STYLE = Automatic;
			CURRENT_PROJECT_VERSION = 1;
			GENERATE_INFOPLIST_FILE = NO;
			INFOPLIST_FILE = Yooh/Info.plist;
			INFOPLIST_KEY_UIApplicationSupportsIndirectInputEvents = YES;
			IPHONEOS_DEPLOYMENT_TARGET = 17.0;
			LD_RUNPATH_SEARCH_PATHS = "$(inherited) @executable_path/Frameworks";
			MARKETING_VERSION = 1.0;
			PRODUCT_BUNDLE_IDENTIFIER = com.yooh.app;
			PRODUCT_NAME = "$(TARGET_NAME)";
			SDKROOT = iphoneos;
			SWIFT_EMIT_LOC_STRINGS = NO;
			SWIFT_VERSION = 5.0;
			TARGETED_DEVICE_FAMILY = 1;
		};
		name = Release;
		};
		7815608DBDC45C4BAAEF376E = {isa = XCBuildConfiguration; buildSettings = {
			BUNDLE_LOADER = "$(TEST_HOST)";
			CODE_SIGN_STYLE = Automatic;
			CURRENT_PROJECT_VERSION = 1;
			GENERATE_INFOPLIST_FILE = YES;
			IPHONEOS_DEPLOYMENT_TARGET = 17.0;
			MARKETING_VERSION = 1.0;
			PRODUCT_BUNDLE_IDENTIFIER = com.yooh.app.tests;
			PRODUCT_NAME = "$(TARGET_NAME)";
			SDKROOT = iphoneos;
			SWIFT_EMIT_LOC_STRINGS = NO;
			SWIFT_VERSION = 5.0;
			TARGETED_DEVICE_FAMILY = 1;
			TEST_HOST = "$(BUILT_PRODUCTS_DIR)/Yooh.app/$(BUNDLE_EXECUTABLE_FOLDER_PATH)/Yooh";
		};
		name = Debug;
		};
		E33938A211755FF6BBF09360 = {isa = XCBuildConfiguration; buildSettings = {
			BUNDLE_LOADER = "$(TEST_HOST)";
			CODE_SIGN_STYLE = Automatic;
			CURRENT_PROJECT_VERSION = 1;
			GENERATE_INFOPLIST_FILE = YES;
			IPHONEOS_DEPLOYMENT_TARGET = 17.0;
			MARKETING_VERSION = 1.0;
			PRODUCT_BUNDLE_IDENTIFIER = com.yooh.app.tests;
			PRODUCT_NAME = "$(TARGET_NAME)";
			SDKROOT = iphoneos;
			SWIFT_EMIT_LOC_STRINGS = NO;
			SWIFT_VERSION = 5.0;
			TARGETED_DEVICE_FAMILY = 1;
			TEST_HOST = "$(BUILT_PRODUCTS_DIR)/Yooh.app/$(BUNDLE_EXECUTABLE_FOLDER_PATH)/Yooh";
		};
		name = Release;
		};
		37950123C5EC582AA7511F5F = {isa = XCConfigurationList; buildConfigurations = (9BB6AF035D615123807E3E19, 75922199107C53FBABF59910); defaultConfigurationIsVisible = 0; defaultConfigurationName = Release; };
		BC6A06DCBA9C5664B1C3A7EF = {isa = XCConfigurationList; buildConfigurations = (8436BFD667CC5AE0BEABA1DC, F4087E0A9D0E5F6F8FB7B46F); defaultConfigurationIsVisible = 0; defaultConfigurationName = Release; };
		FE9FE578D68E53F7889E7786 = {isa = XCConfigurationList; buildConfigurations = (7815608DBDC45C4BAAEF376E, E33938A211755FF6BBF09360); defaultConfigurationIsVisible = 0; defaultConfigurationName = Release; };
		F379DA87B62258CEBDB679E1 = {isa = PBXProject; attributes = {BuildIndependentTargetsInParallel = 1; LastUpgradeCheck = 1600; TargetAttributes = {96C1B0E276CC541C9FB0DEFE = {CreatedOnToolsVersion = 16.0;}; 0724C24CE5E35EE29157A637 = {CreatedOnToolsVersion = 16.0;};};}; buildConfigurationList = 37950123C5EC582AA7511F5F; compatibilityVersion = "Xcode 14.0"; developmentRegion = en; hasScannedForEncodings = 0; knownRegions = (en, Base); mainGroup = 4347D0C2C2F25583B43B12AD; productRefGroup = E5B73C98213958DA94575416; projectDirPath = ""; projectRoot = ""; targets = (96C1B0E276CC541C9FB0DEFE, 0724C24CE5E35EE29157A637); };
	};
	rootObject = F379DA87B62258CEBDB679E1;
}
